// !$*UTF8*$!
{
	archiveVersion = 1;
	classes = {
	};
	objectVersion = 60;
	objects = {

/* Begin PBXBuildFile section */
		AC04CE1C2C53E36300AC93DC /* ModelContainer+Mock.swift in Sources */ = {isa = PBXBuildFile; fileRef = AC04CE1B2C53E36300AC93DC /* ModelContainer+Mock.swift */; };
		AC04CE1E2C53E6D600AC93DC /* ToDoItem+Codable.swift in Sources */ = {isa = PBXBuildFile; fileRef = AC04CE1D2C53E6D600AC93DC /* ToDoItem+Codable.swift */; };
		AC04CE242C53F11000AC93DC /* StorageType.swift in Sources */ = {isa = PBXBuildFile; fileRef = AC04CE232C53F11000AC93DC /* StorageType.swift */; };
		AC04CE262C54437D00AC93DC /* SettingsView.swift in Sources */ = {isa = PBXBuildFile; fileRef = AC04CE252C54437D00AC93DC /* SettingsView.swift */; };
		AC04CE292C54464C00AC93DC /* ContentView.swift in Sources */ = {isa = PBXBuildFile; fileRef = AC04CE282C54464C00AC93DC /* ContentView.swift */; };
		AC1C1B912C2374560094D57C /* ToDoApp.swift in Sources */ = {isa = PBXBuildFile; fileRef = AC1C1B902C2374560094D57C /* ToDoApp.swift */; };
		AC1C1B932C2374560094D57C /* ToDoItemsList.swift in Sources */ = {isa = PBXBuildFile; fileRef = AC1C1B922C2374560094D57C /* ToDoItemsList.swift */; };
		AC1C1B952C2374570094D57C /* Assets.xcassets in Resources */ = {isa = PBXBuildFile; fileRef = AC1C1B942C2374570094D57C /* Assets.xcassets */; };
		AC1C1B992C2374570094D57C /* Preview Assets.xcassets in Resources */ = {isa = PBXBuildFile; fileRef = AC1C1B982C2374570094D57C /* Preview Assets.xcassets */; };
		AC1C1BA32C2374920094D57C /* ToDoItem.swift in Sources */ = {isa = PBXBuildFile; fileRef = AC1C1BA22C2374920094D57C /* ToDoItem.swift */; };
		AC1C1BA52C2374E60094D57C /* Importance.swift in Sources */ = {isa = PBXBuildFile; fileRef = AC1C1BA42C2374E60094D57C /* Importance.swift */; };
		AC1C1BA72C2375B00094D57C /* ToDoItem+Parsing.swift in Sources */ = {isa = PBXBuildFile; fileRef = AC1C1BA62C2375B00094D57C /* ToDoItem+Parsing.swift */; };
		AC2087462C41822D009B0ECF /* CocoaLumberjack in Frameworks */ = {isa = PBXBuildFile; productRef = AC2087452C41822D009B0ECF /* CocoaLumberjack */; };
		AC2087482C41822D009B0ECF /* CocoaLumberjackSwift in Frameworks */ = {isa = PBXBuildFile; productRef = AC2087472C41822D009B0ECF /* CocoaLumberjackSwift */; };
		AC20874A2C41822D009B0ECF /* CocoaLumberjackSwiftLogBackend in Frameworks */ = {isa = PBXBuildFile; productRef = AC2087492C41822D009B0ECF /* CocoaLumberjackSwiftLogBackend */; };
		AC3BA79C2C5131D000642B24 /* APIResponse.swift in Sources */ = {isa = PBXBuildFile; fileRef = AC3BA79B2C5131D000642B24 /* APIResponse.swift */; };
		AC3BA79F2C513D0800642B24 /* Task+Retrying.swift in Sources */ = {isa = PBXBuildFile; fileRef = AC3BA79E2C513D0800642B24 /* Task+Retrying.swift */; };
		AC3BA7A22C514B3C00642B24 /* JSONRepresentable.swift in Sources */ = {isa = PBXBuildFile; fileRef = AC3BA7A12C514B3C00642B24 /* JSONRepresentable.swift */; };
		AC3BA7A42C514B4300642B24 /* CSVRepresentable.swift in Sources */ = {isa = PBXBuildFile; fileRef = AC3BA7A32C514B4300642B24 /* CSVRepresentable.swift */; };
		AC4C65F12C54700500886A3D /* SettingsManager.swift in Sources */ = {isa = PBXBuildFile; fileRef = AC4C65F02C54700500886A3D /* SettingsManager.swift */; };
		AC4C65F52C5474AE00886A3D /* KeychainService.swift in Sources */ = {isa = PBXBuildFile; fileRef = AC4C65F42C5474AE00886A3D /* KeychainService.swift */; };
		AC4C65F82C54774700886A3D /* SQLite in Frameworks */ = {isa = PBXBuildFile; productRef = AC4C65F72C54774700886A3D /* SQLite */; };
		AC4C65FA2C54791700886A3D /* SQLiteToDoItems.swift in Sources */ = {isa = PBXBuildFile; fileRef = AC4C65F92C54791700886A3D /* SQLiteToDoItems.swift */; };
		AC4C65FD2C54802000886A3D /* SQLiteModelContainer.swift in Sources */ = {isa = PBXBuildFile; fileRef = AC4C65FC2C54802000886A3D /* SQLiteModelContainer.swift */; };
		AC4C65FF2C54880C00886A3D /* Settings.bundle in Resources */ = {isa = PBXBuildFile; fileRef = AC4C65FE2C54880C00886A3D /* Settings.bundle */; };
		AC5630AE2C41DC0200FB5835 /* URLSession+AsyncDataTask.swift in Sources */ = {isa = PBXBuildFile; fileRef = AC5630AD2C41DC0200FB5835 /* URLSession+AsyncDataTask.swift */; };
		AC5630B02C41DCFA00FB5835 /* URLSessionAsyncDataTaskTests.swift in Sources */ = {isa = PBXBuildFile; fileRef = AC5630AF2C41DCFA00FB5835 /* URLSessionAsyncDataTaskTests.swift */; };
		AC6A96972C41C8D8008659C5 /* LoggerPackage in Frameworks */ = {isa = PBXBuildFile; productRef = AC6A96962C41C8D8008659C5 /* LoggerPackage */; };
		AC99F67E2C4AB78000F07E49 /* NetworkService.swift in Sources */ = {isa = PBXBuildFile; fileRef = AC99F67D2C4AB78000F07E49 /* NetworkService.swift */; };
		AC99F6802C4AB79A00F07E49 /* NetworkServiceProtocol.swift in Sources */ = {isa = PBXBuildFile; fileRef = AC99F67F2C4AB79A00F07E49 /* NetworkServiceProtocol.swift */; };
		AC99F6822C4AB7BC00F07E49 /* APIRequest.swift in Sources */ = {isa = PBXBuildFile; fileRef = AC99F6812C4AB7BC00F07E49 /* APIRequest.swift */; };
		AC99F6842C4ABC7300F07E49 /* APIService.swift in Sources */ = {isa = PBXBuildFile; fileRef = AC99F6832C4ABC7300F07E49 /* APIService.swift */; };
		AC99F6862C4AC4E900F07E49 /* ItemResponse.swift in Sources */ = {isa = PBXBuildFile; fileRef = AC99F6852C4AC4E900F07E49 /* ItemResponse.swift */; };
		AC99F6882C4ACF7700F07E49 /* ListResponse.swift in Sources */ = {isa = PBXBuildFile; fileRef = AC99F6872C4ACF7700F07E49 /* ListResponse.swift */; };
		AC99F68E2C4AE01900F07E49 /* APIRequest+Methods.swift in Sources */ = {isa = PBXBuildFile; fileRef = AC99F68D2C4AE01900F07E49 /* APIRequest+Methods.swift */; };
		AC99F6902C4AE03600F07E49 /* APIRequest+Error.swift in Sources */ = {isa = PBXBuildFile; fileRef = AC99F68F2C4AE03600F07E49 /* APIRequest+Error.swift */; };
		AC99F6922C4AFCE600F07E49 /* Date+Clean.swift in Sources */ = {isa = PBXBuildFile; fileRef = AC99F6912C4AFCE600F07E49 /* Date+Clean.swift */; };
		AC99F6982C4B16D500F07E49 /* ToDoItemsNetworkManager.swift in Sources */ = {isa = PBXBuildFile; fileRef = AC99F6972C4B16D500F07E49 /* ToDoItemsNetworkManager.swift */; };
		AC9BF5A12C3819DF008C6C58 /* CalendarView.swift in Sources */ = {isa = PBXBuildFile; fileRef = AC9BF5A02C3819DF008C6C58 /* CalendarView.swift */; };
		AC9BF5A32C38308D008C6C58 /* Date+Format.swift in Sources */ = {isa = PBXBuildFile; fileRef = AC9BF5A22C38308D008C6C58 /* Date+Format.swift */; };
		AC9BF5A62C3840C2008C6C58 /* DateLabelContentView.swift in Sources */ = {isa = PBXBuildFile; fileRef = AC9BF5A52C3840C2008C6C58 /* DateLabelContentView.swift */; };
		AC9BF5A82C384454008C6C58 /* DateLabelCell.swift in Sources */ = {isa = PBXBuildFile; fileRef = AC9BF5A72C384454008C6C58 /* DateLabelCell.swift */; };
		AC9BF5AA2C3873ED008C6C58 /* CalendarListViewController+ViewModel.swift in Sources */ = {isa = PBXBuildFile; fileRef = AC9BF5A92C3873ED008C6C58 /* CalendarListViewController+ViewModel.swift */; };
		AC9BF5AE2C388A2E008C6C58 /* CalendarDatesViewController.swift in Sources */ = {isa = PBXBuildFile; fileRef = AC9BF5AD2C388A2E008C6C58 /* CalendarDatesViewController.swift */; };
		AC9BF5B12C388A52008C6C58 /* CalendarDatesViewController+ViewModel.swift in Sources */ = {isa = PBXBuildFile; fileRef = AC9BF5B02C388A52008C6C58 /* CalendarDatesViewController+ViewModel.swift */; };
		AC9BF5B42C388FB7008C6C58 /* CalendarContainerViewController.swift in Sources */ = {isa = PBXBuildFile; fileRef = AC9BF5B32C388FB7008C6C58 /* CalendarContainerViewController.swift */; };
		AC9BF5B82C3897F6008C6C58 /* CalendarContainerViewControllerDelegate.swift in Sources */ = {isa = PBXBuildFile; fileRef = AC9BF5B72C3897F6008C6C58 /* CalendarContainerViewControllerDelegate.swift */; };
		AC9BF5C92C38E56A008C6C58 /* ColorAccessoryView.swift in Sources */ = {isa = PBXBuildFile; fileRef = AC9BF5C82C38E56A008C6C58 /* ColorAccessoryView.swift */; };
		ACA0D20E2C24ACE4003659A2 /* FileCache.swift in Sources */ = {isa = PBXBuildFile; fileRef = ACA0D20D2C24ACE4003659A2 /* FileCache.swift */; };
		ACCA505B2C358B17007669BB /* CalendarListViewController.swift in Sources */ = {isa = PBXBuildFile; fileRef = ACCA505A2C358B17007669BB /* CalendarListViewController.swift */; };
		ACDA31C22C2C885B00C5FDCE /* ToDoItem+Properties.swift in Sources */ = {isa = PBXBuildFile; fileRef = ACDA31C12C2C885B00C5FDCE /* ToDoItem+Properties.swift */; };
		ACDA31C42C2D7A8100C5FDCE /* ListHeader.swift in Sources */ = {isa = PBXBuildFile; fileRef = ACDA31C32C2D7A8100C5FDCE /* ListHeader.swift */; };
		ACDA31C62C2D7AA600C5FDCE /* ListRow.swift in Sources */ = {isa = PBXBuildFile; fileRef = ACDA31C52C2D7AA600C5FDCE /* ListRow.swift */; };
		ACDA31C82C2DF7E900C5FDCE /* CheckmarkView.swift in Sources */ = {isa = PBXBuildFile; fileRef = ACDA31C72C2DF7E900C5FDCE /* CheckmarkView.swift */; };
		ACDA31CA2C2EE38E00C5FDCE /* ToDoItemDetail.swift in Sources */ = {isa = PBXBuildFile; fileRef = ACDA31C92C2EE38E00C5FDCE /* ToDoItemDetail.swift */; };
		ACDA31CC2C2EF27900C5FDCE /* Color+Init.swift in Sources */ = {isa = PBXBuildFile; fileRef = ACDA31CB2C2EF27900C5FDCE /* Color+Init.swift */; };
		ACDA31CE2C2EFC5100C5FDCE /* AppColors.swift in Sources */ = {isa = PBXBuildFile; fileRef = ACDA31CD2C2EFC5100C5FDCE /* AppColors.swift */; };
		ACDA31D02C2F49DB00C5FDCE /* ToDoItemsStore.swift in Sources */ = {isa = PBXBuildFile; fileRef = ACDA31CF2C2F49DB00C5FDCE /* ToDoItemsStore.swift */; };
		ACDA31D22C2F9CC200C5FDCE /* ColorWheel.swift in Sources */ = {isa = PBXBuildFile; fileRef = ACDA31D12C2F9CC200C5FDCE /* ColorWheel.swift */; };
		ACDA31D72C2FADE200C5FDCE /* ColorWheelPicker.swift in Sources */ = {isa = PBXBuildFile; fileRef = ACDA31D62C2FADE200C5FDCE /* ColorWheelPicker.swift */; };
		ACDA31D92C2FC10F00C5FDCE /* Color+HEX.swift in Sources */ = {isa = PBXBuildFile; fileRef = ACDA31D82C2FC10F00C5FDCE /* Color+HEX.swift */; };
		ACE0757D2C319B0200F0EA26 /* Image+SystemImage.swift in Sources */ = {isa = PBXBuildFile; fileRef = ACE0757C2C319B0200F0EA26 /* Image+SystemImage.swift */; };
		ACE0757F2C31A8D400F0EA26 /* Color+IdealTextColor.swift in Sources */ = {isa = PBXBuildFile; fileRef = ACE0757E2C31A8D400F0EA26 /* Color+IdealTextColor.swift */; };
		ACF2A2952C25C58200C7D20E /* ToDoItemTests.swift in Sources */ = {isa = PBXBuildFile; fileRef = ACF2A2942C25C58200C7D20E /* ToDoItemTests.swift */; };
		ACF2A2992C25F4BC00C7D20E /* Date+Init.swift in Sources */ = {isa = PBXBuildFile; fileRef = ACF2A2982C25F4BC00C7D20E /* Date+Init.swift */; };
/* End PBXBuildFile section */

/* Begin PBXContainerItemProxy section */
		ACF2A28F2C25C55F00C7D20E /* PBXContainerItemProxy */ = {
			isa = PBXContainerItemProxy;
			containerPortal = AC1C1B852C2374560094D57C /* Project object */;
			proxyType = 1;
			remoteGlobalIDString = AC1C1B8C2C2374560094D57C;
			remoteInfo = ToDo;
		};
/* End PBXContainerItemProxy section */

/* Begin PBXFileReference section */
		AC04CE1B2C53E36300AC93DC /* ModelContainer+Mock.swift */ = {isa = PBXFileReference; lastKnownFileType = sourcecode.swift; path = "ModelContainer+Mock.swift"; sourceTree = "<group>"; };
		AC04CE1D2C53E6D600AC93DC /* ToDoItem+Codable.swift */ = {isa = PBXFileReference; lastKnownFileType = sourcecode.swift; path = "ToDoItem+Codable.swift"; sourceTree = "<group>"; };
		AC04CE232C53F11000AC93DC /* StorageType.swift */ = {isa = PBXFileReference; lastKnownFileType = sourcecode.swift; path = StorageType.swift; sourceTree = "<group>"; };
		AC04CE252C54437D00AC93DC /* SettingsView.swift */ = {isa = PBXFileReference; lastKnownFileType = sourcecode.swift; path = SettingsView.swift; sourceTree = "<group>"; };
		AC04CE282C54464C00AC93DC /* ContentView.swift */ = {isa = PBXFileReference; lastKnownFileType = sourcecode.swift; path = ContentView.swift; sourceTree = "<group>"; };
		AC1C1B8D2C2374560094D57C /* ToDo.app */ = {isa = PBXFileReference; explicitFileType = wrapper.application; includeInIndex = 0; path = ToDo.app; sourceTree = BUILT_PRODUCTS_DIR; };
		AC1C1B902C2374560094D57C /* ToDoApp.swift */ = {isa = PBXFileReference; lastKnownFileType = sourcecode.swift; path = ToDoApp.swift; sourceTree = "<group>"; };
		AC1C1B922C2374560094D57C /* ToDoItemsList.swift */ = {isa = PBXFileReference; lastKnownFileType = sourcecode.swift; path = ToDoItemsList.swift; sourceTree = "<group>"; };
		AC1C1B942C2374570094D57C /* Assets.xcassets */ = {isa = PBXFileReference; lastKnownFileType = folder.assetcatalog; path = Assets.xcassets; sourceTree = "<group>"; };
		AC1C1B962C2374570094D57C /* ToDo.entitlements */ = {isa = PBXFileReference; lastKnownFileType = text.plist.entitlements; path = ToDo.entitlements; sourceTree = "<group>"; };
		AC1C1B982C2374570094D57C /* Preview Assets.xcassets */ = {isa = PBXFileReference; lastKnownFileType = folder.assetcatalog; path = "Preview Assets.xcassets"; sourceTree = "<group>"; };
		AC1C1BA22C2374920094D57C /* ToDoItem.swift */ = {isa = PBXFileReference; lastKnownFileType = sourcecode.swift; path = ToDoItem.swift; sourceTree = "<group>"; };
		AC1C1BA42C2374E60094D57C /* Importance.swift */ = {isa = PBXFileReference; lastKnownFileType = sourcecode.swift; path = Importance.swift; sourceTree = "<group>"; };
		AC1C1BA62C2375B00094D57C /* ToDoItem+Parsing.swift */ = {isa = PBXFileReference; lastKnownFileType = sourcecode.swift; path = "ToDoItem+Parsing.swift"; sourceTree = "<group>"; };
		AC3BA79B2C5131D000642B24 /* APIResponse.swift */ = {isa = PBXFileReference; lastKnownFileType = sourcecode.swift; path = APIResponse.swift; sourceTree = "<group>"; };
		AC3BA79E2C513D0800642B24 /* Task+Retrying.swift */ = {isa = PBXFileReference; lastKnownFileType = sourcecode.swift; path = "Task+Retrying.swift"; sourceTree = "<group>"; };
		AC3BA7A12C514B3C00642B24 /* JSONRepresentable.swift */ = {isa = PBXFileReference; lastKnownFileType = sourcecode.swift; path = JSONRepresentable.swift; sourceTree = "<group>"; };
		AC3BA7A32C514B4300642B24 /* CSVRepresentable.swift */ = {isa = PBXFileReference; lastKnownFileType = sourcecode.swift; path = CSVRepresentable.swift; sourceTree = "<group>"; };
		AC4C65F02C54700500886A3D /* SettingsManager.swift */ = {isa = PBXFileReference; lastKnownFileType = sourcecode.swift; path = SettingsManager.swift; sourceTree = "<group>"; };
		AC4C65F42C5474AE00886A3D /* KeychainService.swift */ = {isa = PBXFileReference; lastKnownFileType = sourcecode.swift; path = KeychainService.swift; sourceTree = "<group>"; };
		AC4C65F92C54791700886A3D /* SQLiteToDoItems.swift */ = {isa = PBXFileReference; lastKnownFileType = sourcecode.swift; path = SQLiteToDoItems.swift; sourceTree = "<group>"; };
		AC4C65FC2C54802000886A3D /* SQLiteModelContainer.swift */ = {isa = PBXFileReference; lastKnownFileType = sourcecode.swift; path = SQLiteModelContainer.swift; sourceTree = "<group>"; };
		AC4C65FE2C54880C00886A3D /* Settings.bundle */ = {isa = PBXFileReference; lastKnownFileType = "wrapper.plug-in"; path = Settings.bundle; sourceTree = "<group>"; };
		AC5630AD2C41DC0200FB5835 /* URLSession+AsyncDataTask.swift */ = {isa = PBXFileReference; lastKnownFileType = sourcecode.swift; path = "URLSession+AsyncDataTask.swift"; sourceTree = "<group>"; };
		AC5630AF2C41DCFA00FB5835 /* URLSessionAsyncDataTaskTests.swift */ = {isa = PBXFileReference; lastKnownFileType = sourcecode.swift; path = URLSessionAsyncDataTaskTests.swift; sourceTree = "<group>"; };
		AC99F67D2C4AB78000F07E49 /* NetworkService.swift */ = {isa = PBXFileReference; lastKnownFileType = sourcecode.swift; path = NetworkService.swift; sourceTree = "<group>"; };
		AC99F67F2C4AB79A00F07E49 /* NetworkServiceProtocol.swift */ = {isa = PBXFileReference; lastKnownFileType = sourcecode.swift; path = NetworkServiceProtocol.swift; sourceTree = "<group>"; };
		AC99F6812C4AB7BC00F07E49 /* APIRequest.swift */ = {isa = PBXFileReference; lastKnownFileType = sourcecode.swift; path = APIRequest.swift; sourceTree = "<group>"; };
		AC99F6832C4ABC7300F07E49 /* APIService.swift */ = {isa = PBXFileReference; lastKnownFileType = sourcecode.swift; path = APIService.swift; sourceTree = "<group>"; };
		AC99F6852C4AC4E900F07E49 /* ItemResponse.swift */ = {isa = PBXFileReference; lastKnownFileType = sourcecode.swift; path = ItemResponse.swift; sourceTree = "<group>"; };
		AC99F6872C4ACF7700F07E49 /* ListResponse.swift */ = {isa = PBXFileReference; lastKnownFileType = sourcecode.swift; path = ListResponse.swift; sourceTree = "<group>"; };
		AC99F68D2C4AE01900F07E49 /* APIRequest+Methods.swift */ = {isa = PBXFileReference; lastKnownFileType = sourcecode.swift; path = "APIRequest+Methods.swift"; sourceTree = "<group>"; };
		AC99F68F2C4AE03600F07E49 /* APIRequest+Error.swift */ = {isa = PBXFileReference; lastKnownFileType = sourcecode.swift; path = "APIRequest+Error.swift"; sourceTree = "<group>"; };
		AC99F6912C4AFCE600F07E49 /* Date+Clean.swift */ = {isa = PBXFileReference; lastKnownFileType = sourcecode.swift; path = "Date+Clean.swift"; sourceTree = "<group>"; };
		AC99F6972C4B16D500F07E49 /* ToDoItemsNetworkManager.swift */ = {isa = PBXFileReference; lastKnownFileType = sourcecode.swift; path = ToDoItemsNetworkManager.swift; sourceTree = "<group>"; };
		AC9BF5A02C3819DF008C6C58 /* CalendarView.swift */ = {isa = PBXFileReference; lastKnownFileType = sourcecode.swift; path = CalendarView.swift; sourceTree = "<group>"; };
		AC9BF5A22C38308D008C6C58 /* Date+Format.swift */ = {isa = PBXFileReference; lastKnownFileType = sourcecode.swift; path = "Date+Format.swift"; sourceTree = "<group>"; };
		AC9BF5A52C3840C2008C6C58 /* DateLabelContentView.swift */ = {isa = PBXFileReference; lastKnownFileType = sourcecode.swift; path = DateLabelContentView.swift; sourceTree = "<group>"; };
		AC9BF5A72C384454008C6C58 /* DateLabelCell.swift */ = {isa = PBXFileReference; lastKnownFileType = sourcecode.swift; path = DateLabelCell.swift; sourceTree = "<group>"; };
		AC9BF5A92C3873ED008C6C58 /* CalendarListViewController+ViewModel.swift */ = {isa = PBXFileReference; lastKnownFileType = sourcecode.swift; path = "CalendarListViewController+ViewModel.swift"; sourceTree = "<group>"; };
		AC9BF5AD2C388A2E008C6C58 /* CalendarDatesViewController.swift */ = {isa = PBXFileReference; lastKnownFileType = sourcecode.swift; path = CalendarDatesViewController.swift; sourceTree = "<group>"; };
		AC9BF5B02C388A52008C6C58 /* CalendarDatesViewController+ViewModel.swift */ = {isa = PBXFileReference; lastKnownFileType = sourcecode.swift; path = "CalendarDatesViewController+ViewModel.swift"; sourceTree = "<group>"; };
		AC9BF5B32C388FB7008C6C58 /* CalendarContainerViewController.swift */ = {isa = PBXFileReference; lastKnownFileType = sourcecode.swift; path = CalendarContainerViewController.swift; sourceTree = "<group>"; };
		AC9BF5B72C3897F6008C6C58 /* CalendarContainerViewControllerDelegate.swift */ = {isa = PBXFileReference; lastKnownFileType = sourcecode.swift; path = CalendarContainerViewControllerDelegate.swift; sourceTree = "<group>"; };
		AC9BF5C82C38E56A008C6C58 /* ColorAccessoryView.swift */ = {isa = PBXFileReference; lastKnownFileType = sourcecode.swift; path = ColorAccessoryView.swift; sourceTree = "<group>"; };
		ACA0D20D2C24ACE4003659A2 /* FileCache.swift */ = {isa = PBXFileReference; lastKnownFileType = sourcecode.swift; path = FileCache.swift; sourceTree = "<group>"; };
		ACCA505A2C358B17007669BB /* CalendarListViewController.swift */ = {isa = PBXFileReference; lastKnownFileType = sourcecode.swift; path = CalendarListViewController.swift; sourceTree = "<group>"; };
		ACDA31C12C2C885B00C5FDCE /* ToDoItem+Properties.swift */ = {isa = PBXFileReference; lastKnownFileType = sourcecode.swift; path = "ToDoItem+Properties.swift"; sourceTree = "<group>"; };
		ACDA31C32C2D7A8100C5FDCE /* ListHeader.swift */ = {isa = PBXFileReference; lastKnownFileType = sourcecode.swift; path = ListHeader.swift; sourceTree = "<group>"; };
		ACDA31C52C2D7AA600C5FDCE /* ListRow.swift */ = {isa = PBXFileReference; lastKnownFileType = sourcecode.swift; path = ListRow.swift; sourceTree = "<group>"; };
		ACDA31C72C2DF7E900C5FDCE /* CheckmarkView.swift */ = {isa = PBXFileReference; lastKnownFileType = sourcecode.swift; path = CheckmarkView.swift; sourceTree = "<group>"; };
		ACDA31C92C2EE38E00C5FDCE /* ToDoItemDetail.swift */ = {isa = PBXFileReference; lastKnownFileType = sourcecode.swift; path = ToDoItemDetail.swift; sourceTree = "<group>"; };
		ACDA31CB2C2EF27900C5FDCE /* Color+Init.swift */ = {isa = PBXFileReference; lastKnownFileType = sourcecode.swift; path = "Color+Init.swift"; sourceTree = "<group>"; };
		ACDA31CD2C2EFC5100C5FDCE /* AppColors.swift */ = {isa = PBXFileReference; lastKnownFileType = sourcecode.swift; path = AppColors.swift; sourceTree = "<group>"; };
		ACDA31CF2C2F49DB00C5FDCE /* ToDoItemsStore.swift */ = {isa = PBXFileReference; lastKnownFileType = sourcecode.swift; path = ToDoItemsStore.swift; sourceTree = "<group>"; };
		ACDA31D12C2F9CC200C5FDCE /* ColorWheel.swift */ = {isa = PBXFileReference; lastKnownFileType = sourcecode.swift; path = ColorWheel.swift; sourceTree = "<group>"; };
		ACDA31D62C2FADE200C5FDCE /* ColorWheelPicker.swift */ = {isa = PBXFileReference; lastKnownFileType = sourcecode.swift; path = ColorWheelPicker.swift; sourceTree = "<group>"; };
		ACDA31D82C2FC10F00C5FDCE /* Color+HEX.swift */ = {isa = PBXFileReference; lastKnownFileType = sourcecode.swift; path = "Color+HEX.swift"; sourceTree = "<group>"; };
		ACE0757C2C319B0200F0EA26 /* Image+SystemImage.swift */ = {isa = PBXFileReference; lastKnownFileType = sourcecode.swift; path = "Image+SystemImage.swift"; sourceTree = "<group>"; };
		ACE0757E2C31A8D400F0EA26 /* Color+IdealTextColor.swift */ = {isa = PBXFileReference; lastKnownFileType = sourcecode.swift; path = "Color+IdealTextColor.swift"; sourceTree = "<group>"; };
		ACF2A28B2C25C55F00C7D20E /* ToDoTests.xctest */ = {isa = PBXFileReference; explicitFileType = wrapper.cfbundle; includeInIndex = 0; path = ToDoTests.xctest; sourceTree = BUILT_PRODUCTS_DIR; };
		ACF2A2942C25C58200C7D20E /* ToDoItemTests.swift */ = {isa = PBXFileReference; lastKnownFileType = sourcecode.swift; path = ToDoItemTests.swift; sourceTree = "<group>"; };
		ACF2A2982C25F4BC00C7D20E /* Date+Init.swift */ = {isa = PBXFileReference; lastKnownFileType = sourcecode.swift; path = "Date+Init.swift"; sourceTree = "<group>"; };
/* End PBXFileReference section */

/* Begin PBXFrameworksBuildPhase section */
		AC1C1B8A2C2374560094D57C /* Frameworks */ = {
			isa = PBXFrameworksBuildPhase;
			buildActionMask = 2147483647;
			files = (
				AC4C65F82C54774700886A3D /* SQLite in Frameworks */,
				AC2087482C41822D009B0ECF /* CocoaLumberjackSwift in Frameworks */,
				AC6A96972C41C8D8008659C5 /* LoggerPackage in Frameworks */,
				AC20874A2C41822D009B0ECF /* CocoaLumberjackSwiftLogBackend in Frameworks */,
				AC2087462C41822D009B0ECF /* CocoaLumberjack in Frameworks */,
			);
			runOnlyForDeploymentPostprocessing = 0;
		};
		ACF2A2882C25C55F00C7D20E /* Frameworks */ = {
			isa = PBXFrameworksBuildPhase;
			buildActionMask = 2147483647;
			files = (
			);
			runOnlyForDeploymentPostprocessing = 0;
		};
/* End PBXFrameworksBuildPhase section */

/* Begin PBXGroup section */
		AC04CE272C54438100AC93DC /* SettingsModule */ = {
			isa = PBXGroup;
			children = (
				AC04CE252C54437D00AC93DC /* SettingsView.swift */,
			);
			path = SettingsModule;
			sourceTree = "<group>";
		};
		AC1C1B842C2374560094D57C = {
			isa = PBXGroup;
			children = (
				AC1C1B8F2C2374560094D57C /* ToDo */,
				ACF2A28C2C25C55F00C7D20E /* ToDoTests */,
				AC1C1B8E2C2374560094D57C /* Products */,
			);
			sourceTree = "<group>";
		};
		AC1C1B8E2C2374560094D57C /* Products */ = {
			isa = PBXGroup;
			children = (
				AC1C1B8D2C2374560094D57C /* ToDo.app */,
				ACF2A28B2C25C55F00C7D20E /* ToDoTests.xctest */,
			);
			name = Products;
			sourceTree = "<group>";
		};
		AC1C1B8F2C2374560094D57C /* ToDo */ = {
			isa = PBXGroup;
			children = (
				AC1C1B962C2374570094D57C /* ToDo.entitlements */,
				AC1C1B902C2374560094D57C /* ToDoApp.swift */,
				AC1C1BA02C2374780094D57C /* Views */,
				AC1C1B9F2C23746E0094D57C /* Models */,
				ACF2A2862C25C17F00C7D20E /* Service */,
				ACF2A29A2C25FC7900C7D20E /* Extensions */,
				AC1C1BA12C2374800094D57C /* Resources */,
				AC1C1B972C2374570094D57C /* Preview Content */,
			);
			path = ToDo;
			sourceTree = "<group>";
		};
		AC1C1B972C2374570094D57C /* Preview Content */ = {
			isa = PBXGroup;
			children = (
				AC1C1B982C2374570094D57C /* Preview Assets.xcassets */,
			);
			path = "Preview Content";
			sourceTree = "<group>";
		};
		AC1C1B9F2C23746E0094D57C /* Models */ = {
			isa = PBXGroup;
			children = (
				AC1C1BA42C2374E60094D57C /* Importance.swift */,
				AC1C1BA82C2375B30094D57C /* ToDoItem */,
			);
			path = Models;
			sourceTree = "<group>";
		};
		AC1C1BA02C2374780094D57C /* Views */ = {
			isa = PBXGroup;
			children = (
				AC04CE282C54464C00AC93DC /* ContentView.swift */,
				ACDA31DA2C2FC64A00C5FDCE /* ToDoItemsListModule */,
				ACCA50592C358AD5007669BB /* ToDoItemDetailModule */,
				ACCA50582C358AA9007669BB /* CalendarModule */,
				AC04CE272C54438100AC93DC /* SettingsModule */,
			);
			path = Views;
			sourceTree = "<group>";
		};
		AC1C1BA12C2374800094D57C /* Resources */ = {
			isa = PBXGroup;
			children = (
				AC1C1B942C2374570094D57C /* Assets.xcassets */,
				AC4C65FE2C54880C00886A3D /* Settings.bundle */,
			);
			path = Resources;
			sourceTree = "<group>";
		};
		AC1C1BA82C2375B30094D57C /* ToDoItem */ = {
			isa = PBXGroup;
			children = (
				AC1C1BA22C2374920094D57C /* ToDoItem.swift */,
				AC04CE1D2C53E6D600AC93DC /* ToDoItem+Codable.swift */,
				AC1C1BA62C2375B00094D57C /* ToDoItem+Parsing.swift */,
				ACDA31C12C2C885B00C5FDCE /* ToDoItem+Properties.swift */,
			);
			path = ToDoItem;
			sourceTree = "<group>";
		};
		AC20874B2C418729009B0ECF /* Data */ = {
			isa = PBXGroup;
			children = (
				ACDA31CF2C2F49DB00C5FDCE /* ToDoItemsStore.swift */,
				AC4C65FB2C54801200886A3D /* SQLite */,
				AC3BA7A52C514D8300642B24 /* FileCache */,
			);
			path = Data;
			sourceTree = "<group>";
		};
		AC20874C2C418735009B0ECF /* Appearance */ = {
			isa = PBXGroup;
			children = (
				ACDA31CD2C2EFC5100C5FDCE /* AppColors.swift */,
			);
			path = Appearance;
			sourceTree = "<group>";
		};
		AC2087502C41894E009B0ECF /* Date */ = {
			isa = PBXGroup;
			children = (
				ACF2A2982C25F4BC00C7D20E /* Date+Init.swift */,
				AC9BF5A22C38308D008C6C58 /* Date+Format.swift */,
				AC99F6912C4AFCE600F07E49 /* Date+Clean.swift */,
			);
			path = Date;
			sourceTree = "<group>";
		};
		AC2087512C418954009B0ECF /* Color */ = {
			isa = PBXGroup;
			children = (
				ACDA31CB2C2EF27900C5FDCE /* Color+Init.swift */,
				ACDA31D82C2FC10F00C5FDCE /* Color+HEX.swift */,
				ACE0757E2C31A8D400F0EA26 /* Color+IdealTextColor.swift */,
			);
			path = Color;
			sourceTree = "<group>";
		};
		AC3BA79D2C513CF700642B24 /* Network */ = {
			isa = PBXGroup;
			children = (
				AC5630AD2C41DC0200FB5835 /* URLSession+AsyncDataTask.swift */,
				AC3BA79E2C513D0800642B24 /* Task+Retrying.swift */,
			);
			path = Network;
			sourceTree = "<group>";
		};
		AC3BA7A02C513D3A00642B24 /* APIRequest */ = {
			isa = PBXGroup;
			children = (
				AC99F6812C4AB7BC00F07E49 /* APIRequest.swift */,
				AC99F68F2C4AE03600F07E49 /* APIRequest+Error.swift */,
				AC99F68D2C4AE01900F07E49 /* APIRequest+Methods.swift */,
			);
			path = APIRequest;
			sourceTree = "<group>";
		};
		AC3BA7A52C514D8300642B24 /* FileCache */ = {
			isa = PBXGroup;
			children = (
				ACA0D20D2C24ACE4003659A2 /* FileCache.swift */,
				AC04CE232C53F11000AC93DC /* StorageType.swift */,
				AC3BA7A62C514D9200642B24 /* Protocols */,
			);
			path = FileCache;
			sourceTree = "<group>";
		};
		AC3BA7A62C514D9200642B24 /* Protocols */ = {
			isa = PBXGroup;
			children = (
				AC3BA7A12C514B3C00642B24 /* JSONRepresentable.swift */,
				AC3BA7A32C514B4300642B24 /* CSVRepresentable.swift */,
			);
			path = Protocols;
			sourceTree = "<group>";
		};
		AC4C65F22C54747F00886A3D /* Settings */ = {
			isa = PBXGroup;
			children = (
				AC4C65F02C54700500886A3D /* SettingsManager.swift */,
			);
			path = Settings;
			sourceTree = "<group>";
		};
		AC4C65F32C54749D00886A3D /* Keychain */ = {
			isa = PBXGroup;
			children = (
				AC4C65F42C5474AE00886A3D /* KeychainService.swift */,
			);
			path = Keychain;
			sourceTree = "<group>";
		};
		AC4C65FB2C54801200886A3D /* SQLite */ = {
			isa = PBXGroup;
			children = (
				AC4C65FC2C54802000886A3D /* SQLiteModelContainer.swift */,
				AC4C65F92C54791700886A3D /* SQLiteToDoItems.swift */,
			);
			path = SQLite;
			sourceTree = "<group>";
		};
		AC99F67C2C4AB74400F07E49 /* Network */ = {
			isa = PBXGroup;
			children = (
				AC99F6972C4B16D500F07E49 /* ToDoItemsNetworkManager.swift */,
				AC99F68A2C4ADD5400F07E49 /* NetworkService */,
				AC99F68B2C4ADD6500F07E49 /* APIService */,
			);
			path = Network;
			sourceTree = "<group>";
		};
		AC99F68A2C4ADD5400F07E49 /* NetworkService */ = {
			isa = PBXGroup;
			children = (
				AC99F67D2C4AB78000F07E49 /* NetworkService.swift */,
				AC99F67F2C4AB79A00F07E49 /* NetworkServiceProtocol.swift */,
			);
			path = NetworkService;
			sourceTree = "<group>";
		};
		AC99F68B2C4ADD6500F07E49 /* APIService */ = {
			isa = PBXGroup;
			children = (
				AC99F6832C4ABC7300F07E49 /* APIService.swift */,
				AC3BA7A02C513D3A00642B24 /* APIRequest */,
				AC99F68C2C4ADD7000F07E49 /* Responses */,
			);
			path = APIService;
			sourceTree = "<group>";
		};
		AC99F68C2C4ADD7000F07E49 /* Responses */ = {
			isa = PBXGroup;
			children = (
				AC3BA79B2C5131D000642B24 /* APIResponse.swift */,
				AC99F6852C4AC4E900F07E49 /* ItemResponse.swift */,
				AC99F6872C4ACF7700F07E49 /* ListResponse.swift */,
			);
			path = Responses;
			sourceTree = "<group>";
		};
		AC9BF5A42C3840A3008C6C58 /* Helpers */ = {
			isa = PBXGroup;
			children = (
				AC9BF5B52C38972B008C6C58 /* Views */,
				AC9BF5B62C389731008C6C58 /* Delegates */,
			);
			path = Helpers;
			sourceTree = "<group>";
		};
		AC9BF5AF2C388A3B008C6C58 /* CalendarList */ = {
			isa = PBXGroup;
			children = (
				ACCA505A2C358B17007669BB /* CalendarListViewController.swift */,
				AC9BF5A92C3873ED008C6C58 /* CalendarListViewController+ViewModel.swift */,
			);
			path = CalendarList;
			sourceTree = "<group>";
		};
		AC9BF5B22C388A5C008C6C58 /* CalendarDates */ = {
			isa = PBXGroup;
			children = (
				AC9BF5AD2C388A2E008C6C58 /* CalendarDatesViewController.swift */,
				AC9BF5B02C388A52008C6C58 /* CalendarDatesViewController+ViewModel.swift */,
			);
			path = CalendarDates;
			sourceTree = "<group>";
		};
		AC9BF5B52C38972B008C6C58 /* Views */ = {
			isa = PBXGroup;
			children = (
				AC9BF5A72C384454008C6C58 /* DateLabelCell.swift */,
				AC9BF5A52C3840C2008C6C58 /* DateLabelContentView.swift */,
				AC9BF5C82C38E56A008C6C58 /* ColorAccessoryView.swift */,
			);
			path = Views;
			sourceTree = "<group>";
		};
		AC9BF5B62C389731008C6C58 /* Delegates */ = {
			isa = PBXGroup;
			children = (
				AC9BF5B72C3897F6008C6C58 /* CalendarContainerViewControllerDelegate.swift */,
			);
			path = Delegates;
			sourceTree = "<group>";
		};
		ACCA50582C358AA9007669BB /* CalendarModule */ = {
			isa = PBXGroup;
			children = (
				AC9BF5A02C3819DF008C6C58 /* CalendarView.swift */,
				AC9BF5B32C388FB7008C6C58 /* CalendarContainerViewController.swift */,
				AC9BF5B22C388A5C008C6C58 /* CalendarDates */,
				AC9BF5AF2C388A3B008C6C58 /* CalendarList */,
				AC9BF5A42C3840A3008C6C58 /* Helpers */,
			);
			path = CalendarModule;
			sourceTree = "<group>";
		};
		ACCA50592C358AD5007669BB /* ToDoItemDetailModule */ = {
			isa = PBXGroup;
			children = (
				ACDA31C92C2EE38E00C5FDCE /* ToDoItemDetail.swift */,
				ACDA31DC2C2FC65E00C5FDCE /* Helpers */,
			);
			path = ToDoItemDetailModule;
			sourceTree = "<group>";
		};
		ACDA31DA2C2FC64A00C5FDCE /* ToDoItemsListModule */ = {
			isa = PBXGroup;
			children = (
				AC1C1B922C2374560094D57C /* ToDoItemsList.swift */,
				ACDA31DB2C2FC65400C5FDCE /* Helpers */,
			);
			path = ToDoItemsListModule;
			sourceTree = "<group>";
		};
		ACDA31DB2C2FC65400C5FDCE /* Helpers */ = {
			isa = PBXGroup;
			children = (
				ACDA31C52C2D7AA600C5FDCE /* ListRow.swift */,
				ACDA31C32C2D7A8100C5FDCE /* ListHeader.swift */,
				ACDA31C72C2DF7E900C5FDCE /* CheckmarkView.swift */,
			);
			path = Helpers;
			sourceTree = "<group>";
		};
		ACDA31DC2C2FC65E00C5FDCE /* Helpers */ = {
			isa = PBXGroup;
			children = (
				ACDA31D12C2F9CC200C5FDCE /* ColorWheel.swift */,
				ACDA31D62C2FADE200C5FDCE /* ColorWheelPicker.swift */,
			);
			path = Helpers;
			sourceTree = "<group>";
		};
		ACF2A2862C25C17F00C7D20E /* Service */ = {
			isa = PBXGroup;
			children = (
				AC20874C2C418735009B0ECF /* Appearance */,
				AC20874B2C418729009B0ECF /* Data */,
				AC99F67C2C4AB74400F07E49 /* Network */,
				AC4C65F32C54749D00886A3D /* Keychain */,
				AC4C65F22C54747F00886A3D /* Settings */,
			);
			path = Service;
			sourceTree = "<group>";
		};
		ACF2A28C2C25C55F00C7D20E /* ToDoTests */ = {
			isa = PBXGroup;
			children = (
				ACF2A2942C25C58200C7D20E /* ToDoItemTests.swift */,
				AC5630AF2C41DCFA00FB5835 /* URLSessionAsyncDataTaskTests.swift */,
			);
			path = ToDoTests;
			sourceTree = "<group>";
		};
		ACF2A29A2C25FC7900C7D20E /* Extensions */ = {
			isa = PBXGroup;
			children = (
				AC2087502C41894E009B0ECF /* Date */,
				AC2087512C418954009B0ECF /* Color */,
				AC3BA79D2C513CF700642B24 /* Network */,
				ACE0757C2C319B0200F0EA26 /* Image+SystemImage.swift */,
				AC04CE1B2C53E36300AC93DC /* ModelContainer+Mock.swift */,
			);
			path = Extensions;
			sourceTree = "<group>";
		};
/* End PBXGroup section */

/* Begin PBXNativeTarget section */
		AC1C1B8C2C2374560094D57C /* ToDo */ = {
			isa = PBXNativeTarget;
			buildConfigurationList = AC1C1B9C2C2374570094D57C /* Build configuration list for PBXNativeTarget "ToDo" */;
			buildPhases = (
				AC1C1B892C2374560094D57C /* Sources */,
				AC1C1B8A2C2374560094D57C /* Frameworks */,
				AC1C1B8B2C2374560094D57C /* Resources */,
				AC2F784B2C41D18B00DBCEF2 /* Run SwiftLint */,
			);
			buildRules = (
			);
			dependencies = (
			);
			name = ToDo;
			packageProductDependencies = (
				AC2087452C41822D009B0ECF /* CocoaLumberjack */,
				AC2087472C41822D009B0ECF /* CocoaLumberjackSwift */,
				AC2087492C41822D009B0ECF /* CocoaLumberjackSwiftLogBackend */,
				AC6A96962C41C8D8008659C5 /* LoggerPackage */,
				AC4C65F72C54774700886A3D /* SQLite */,
			);
			productName = ToDo;
			productReference = AC1C1B8D2C2374560094D57C /* ToDo.app */;
			productType = "com.apple.product-type.application";
		};
		ACF2A28A2C25C55F00C7D20E /* ToDoTests */ = {
			isa = PBXNativeTarget;
			buildConfigurationList = ACF2A2912C25C55F00C7D20E /* Build configuration list for PBXNativeTarget "ToDoTests" */;
			buildPhases = (
				ACF2A2872C25C55F00C7D20E /* Sources */,
				ACF2A2882C25C55F00C7D20E /* Frameworks */,
				ACF2A2892C25C55F00C7D20E /* Resources */,
			);
			buildRules = (
			);
			dependencies = (
				ACF2A2902C25C55F00C7D20E /* PBXTargetDependency */,
			);
			name = ToDoTests;
			productName = ToDoTests;
			productReference = ACF2A28B2C25C55F00C7D20E /* ToDoTests.xctest */;
			productType = "com.apple.product-type.bundle.unit-test";
		};
/* End PBXNativeTarget section */

/* Begin PBXProject section */
		AC1C1B852C2374560094D57C /* Project object */ = {
			isa = PBXProject;
			attributes = {
				BuildIndependentTargetsInParallel = 1;
				LastSwiftUpdateCheck = 1540;
				LastUpgradeCheck = 1540;
				TargetAttributes = {
					AC1C1B8C2C2374560094D57C = {
						CreatedOnToolsVersion = 15.4;
					};
					ACF2A28A2C25C55F00C7D20E = {
						CreatedOnToolsVersion = 15.4;
						LastSwiftMigration = 1540;
						TestTargetID = AC1C1B8C2C2374560094D57C;
					};
				};
			};
			buildConfigurationList = AC1C1B882C2374560094D57C /* Build configuration list for PBXProject "ToDo" */;
			compatibilityVersion = "Xcode 14.0";
			developmentRegion = en;
			hasScannedForEncodings = 0;
			knownRegions = (
				en,
				Base,
			);
			mainGroup = AC1C1B842C2374560094D57C;
			packageReferences = (
				AC2087442C41822D009B0ECF /* XCRemoteSwiftPackageReference "CocoaLumberjack" */,
				AC2087552C41C4FA009B0ECF /* XCLocalSwiftPackageReference "LoggerPackage" */,
				AC8CACE12C495B30001DC8E7 /* XCRemoteSwiftPackageReference "SwiftLintPlugins" */,
				AC4C65F62C54774700886A3D /* XCRemoteSwiftPackageReference "SQLite.swift" */,
			);
			productRefGroup = AC1C1B8E2C2374560094D57C /* Products */;
			projectDirPath = "";
			projectRoot = "";
			targets = (
				AC1C1B8C2C2374560094D57C /* ToDo */,
				ACF2A28A2C25C55F00C7D20E /* ToDoTests */,
			);
		};
/* End PBXProject section */

/* Begin PBXResourcesBuildPhase section */
		AC1C1B8B2C2374560094D57C /* Resources */ = {
			isa = PBXResourcesBuildPhase;
			buildActionMask = 2147483647;
			files = (
				AC1C1B992C2374570094D57C /* Preview Assets.xcassets in Resources */,
				AC4C65FF2C54880C00886A3D /* Settings.bundle in Resources */,
				AC1C1B952C2374570094D57C /* Assets.xcassets in Resources */,
			);
			runOnlyForDeploymentPostprocessing = 0;
		};
		ACF2A2892C25C55F00C7D20E /* Resources */ = {
			isa = PBXResourcesBuildPhase;
			buildActionMask = 2147483647;
			files = (
			);
			runOnlyForDeploymentPostprocessing = 0;
		};
/* End PBXResourcesBuildPhase section */

/* Begin PBXShellScriptBuildPhase section */
		AC2F784B2C41D18B00DBCEF2 /* Run SwiftLint */ = {
			isa = PBXShellScriptBuildPhase;
			alwaysOutOfDate = 1;
			buildActionMask = 2147483647;
			files = (
			);
			inputFileListPaths = (
			);
			inputPaths = (
			);
			name = "Run SwiftLint";
			outputFileListPaths = (
			);
			outputPaths = (
			);
			runOnlyForDeploymentPostprocessing = 0;
			shellPath = /bin/sh;
			shellScript = "if [[ \"$(uname -m)\" == arm64 ]]\nthen\n    export PATH=\"/opt/homebrew/bin:$PATH\"\nfi\n\nif command -v swiftlint >/dev/null 2>&1\nthen\n    swiftlint\nelse\n    echo \"warning: `swiftlint` command not found - See https://github.com/realm/SwiftLint#installation for installation instructions.\"\nfi\n";
		};
/* End PBXShellScriptBuildPhase section */

/* Begin PBXSourcesBuildPhase section */
		AC1C1B892C2374560094D57C /* Sources */ = {
			isa = PBXSourcesBuildPhase;
			buildActionMask = 2147483647;
			files = (
				AC99F6882C4ACF7700F07E49 /* ListResponse.swift in Sources */,
				AC1C1B932C2374560094D57C /* ToDoItemsList.swift in Sources */,
				AC9BF5A62C3840C2008C6C58 /* DateLabelContentView.swift in Sources */,
				AC9BF5AE2C388A2E008C6C58 /* CalendarDatesViewController.swift in Sources */,
				ACDA31C22C2C885B00C5FDCE /* ToDoItem+Properties.swift in Sources */,
				AC1C1BA52C2374E60094D57C /* Importance.swift in Sources */,
				ACF2A2992C25F4BC00C7D20E /* Date+Init.swift in Sources */,
				ACDA31D02C2F49DB00C5FDCE /* ToDoItemsStore.swift in Sources */,
				ACDA31D72C2FADE200C5FDCE /* ColorWheelPicker.swift in Sources */,
				AC99F6982C4B16D500F07E49 /* ToDoItemsNetworkManager.swift in Sources */,
				AC4C65FA2C54791700886A3D /* SQLiteToDoItems.swift in Sources */,
				AC99F6902C4AE03600F07E49 /* APIRequest+Error.swift in Sources */,
				AC99F6822C4AB7BC00F07E49 /* APIRequest.swift in Sources */,
				AC9BF5A12C3819DF008C6C58 /* CalendarView.swift in Sources */,
				ACDA31C62C2D7AA600C5FDCE /* ListRow.swift in Sources */,
				AC4C65FD2C54802000886A3D /* SQLiteModelContainer.swift in Sources */,
				AC4C65F52C5474AE00886A3D /* KeychainService.swift in Sources */,
				AC04CE1C2C53E36300AC93DC /* ModelContainer+Mock.swift in Sources */,
				AC04CE262C54437D00AC93DC /* SettingsView.swift in Sources */,
				AC1C1B912C2374560094D57C /* ToDoApp.swift in Sources */,
				AC1C1BA32C2374920094D57C /* ToDoItem.swift in Sources */,
				AC9BF5A32C38308D008C6C58 /* Date+Format.swift in Sources */,
				ACE0757F2C31A8D400F0EA26 /* Color+IdealTextColor.swift in Sources */,
				AC9BF5B42C388FB7008C6C58 /* CalendarContainerViewController.swift in Sources */,
				AC9BF5C92C38E56A008C6C58 /* ColorAccessoryView.swift in Sources */,
				ACDA31CA2C2EE38E00C5FDCE /* ToDoItemDetail.swift in Sources */,
				AC99F6802C4AB79A00F07E49 /* NetworkServiceProtocol.swift in Sources */,
				ACA0D20E2C24ACE4003659A2 /* FileCache.swift in Sources */,
				AC04CE242C53F11000AC93DC /* StorageType.swift in Sources */,
				AC5630AE2C41DC0200FB5835 /* URLSession+AsyncDataTask.swift in Sources */,
				AC9BF5B82C3897F6008C6C58 /* CalendarContainerViewControllerDelegate.swift in Sources */,
				AC9BF5B12C388A52008C6C58 /* CalendarDatesViewController+ViewModel.swift in Sources */,
				ACCA505B2C358B17007669BB /* CalendarListViewController.swift in Sources */,
				AC3BA7A22C514B3C00642B24 /* JSONRepresentable.swift in Sources */,
				AC9BF5AA2C3873ED008C6C58 /* CalendarListViewController+ViewModel.swift in Sources */,
				AC3BA79C2C5131D000642B24 /* APIResponse.swift in Sources */,
				ACE0757D2C319B0200F0EA26 /* Image+SystemImage.swift in Sources */,
				AC99F68E2C4AE01900F07E49 /* APIRequest+Methods.swift in Sources */,
				ACDA31C42C2D7A8100C5FDCE /* ListHeader.swift in Sources */,
				ACDA31CC2C2EF27900C5FDCE /* Color+Init.swift in Sources */,
				ACDA31CE2C2EFC5100C5FDCE /* AppColors.swift in Sources */,
				AC9BF5A82C384454008C6C58 /* DateLabelCell.swift in Sources */,
				AC1C1BA72C2375B00094D57C /* ToDoItem+Parsing.swift in Sources */,
				AC99F6922C4AFCE600F07E49 /* Date+Clean.swift in Sources */,
				AC04CE292C54464C00AC93DC /* ContentView.swift in Sources */,
				AC99F6862C4AC4E900F07E49 /* ItemResponse.swift in Sources */,
				AC3BA7A42C514B4300642B24 /* CSVRepresentable.swift in Sources */,
				ACDA31D92C2FC10F00C5FDCE /* Color+HEX.swift in Sources */,
				AC99F67E2C4AB78000F07E49 /* NetworkService.swift in Sources */,
				AC04CE1E2C53E6D600AC93DC /* ToDoItem+Codable.swift in Sources */,
				AC3BA79F2C513D0800642B24 /* Task+Retrying.swift in Sources */,
				ACDA31D22C2F9CC200C5FDCE /* ColorWheel.swift in Sources */,
				AC99F6842C4ABC7300F07E49 /* APIService.swift in Sources */,
				ACDA31C82C2DF7E900C5FDCE /* CheckmarkView.swift in Sources */,
				AC4C65F12C54700500886A3D /* SettingsManager.swift in Sources */,
			);
			runOnlyForDeploymentPostprocessing = 0;
		};
		ACF2A2872C25C55F00C7D20E /* Sources */ = {
			isa = PBXSourcesBuildPhase;
			buildActionMask = 2147483647;
			files = (
				AC5630B02C41DCFA00FB5835 /* URLSessionAsyncDataTaskTests.swift in Sources */,
				ACF2A2952C25C58200C7D20E /* ToDoItemTests.swift in Sources */,
			);
			runOnlyForDeploymentPostprocessing = 0;
		};
/* End PBXSourcesBuildPhase section */

/* Begin PBXTargetDependency section */
		ACF2A2902C25C55F00C7D20E /* PBXTargetDependency */ = {
			isa = PBXTargetDependency;
			target = AC1C1B8C2C2374560094D57C /* ToDo */;
			targetProxy = ACF2A28F2C25C55F00C7D20E /* PBXContainerItemProxy */;
		};
/* End PBXTargetDependency section */

/* Begin XCBuildConfiguration section */
		AC1C1B9A2C2374570094D57C /* Debug */ = {
			isa = XCBuildConfiguration;
			buildSettings = {
				ALWAYS_SEARCH_USER_PATHS = NO;
				ASSETCATALOG_COMPILER_GENERATE_SWIFT_ASSET_SYMBOL_EXTENSIONS = YES;
				CLANG_ANALYZER_NONNULL = YES;
				CLANG_ANALYZER_NUMBER_OBJECT_CONVERSION = YES_AGGRESSIVE;
				CLANG_CXX_LANGUAGE_STANDARD = "gnu++20";
				CLANG_ENABLE_MODULES = YES;
				CLANG_ENABLE_OBJC_ARC = YES;
				CLANG_ENABLE_OBJC_WEAK = YES;
				CLANG_WARN_BLOCK_CAPTURE_AUTORELEASING = YES;
				CLANG_WARN_BOOL_CONVERSION = YES;
				CLANG_WARN_COMMA = YES;
				CLANG_WARN_CONSTANT_CONVERSION = YES;
				CLANG_WARN_DEPRECATED_OBJC_IMPLEMENTATIONS = YES;
				CLANG_WARN_DIRECT_OBJC_ISA_USAGE = YES_ERROR;
				CLANG_WARN_DOCUMENTATION_COMMENTS = YES;
				CLANG_WARN_EMPTY_BODY = YES;
				CLANG_WARN_ENUM_CONVERSION = YES;
				CLANG_WARN_INFINITE_RECURSION = YES;
				CLANG_WARN_INT_CONVERSION = YES;
				CLANG_WARN_NON_LITERAL_NULL_CONVERSION = YES;
				CLANG_WARN_OBJC_IMPLICIT_RETAIN_SELF = YES;
				CLANG_WARN_OBJC_LITERAL_CONVERSION = YES;
				CLANG_WARN_OBJC_ROOT_CLASS = YES_ERROR;
				CLANG_WARN_QUOTED_INCLUDE_IN_FRAMEWORK_HEADER = YES;
				CLANG_WARN_RANGE_LOOP_ANALYSIS = YES;
				CLANG_WARN_STRICT_PROTOTYPES = YES;
				CLANG_WARN_SUSPICIOUS_MOVE = YES;
				CLANG_WARN_UNGUARDED_AVAILABILITY = YES_AGGRESSIVE;
				CLANG_WARN_UNREACHABLE_CODE = YES;
				CLANG_WARN__DUPLICATE_METHOD_MATCH = YES;
				COPY_PHASE_STRIP = NO;
				DEAD_CODE_STRIPPING = YES;
				DEBUG_INFORMATION_FORMAT = dwarf;
				ENABLE_STRICT_OBJC_MSGSEND = YES;
				ENABLE_TESTABILITY = YES;
				ENABLE_USER_SCRIPT_SANDBOXING = YES;
				GCC_C_LANGUAGE_STANDARD = gnu17;
				GCC_DYNAMIC_NO_PIC = NO;
				GCC_NO_COMMON_BLOCKS = YES;
				GCC_OPTIMIZATION_LEVEL = 0;
				GCC_PREPROCESSOR_DEFINITIONS = (
					"DEBUG=1",
					"$(inherited)",
				);
				GCC_WARN_64_TO_32_BIT_CONVERSION = YES;
				GCC_WARN_ABOUT_RETURN_TYPE = YES_ERROR;
				GCC_WARN_UNDECLARED_SELECTOR = YES;
				GCC_WARN_UNINITIALIZED_AUTOS = YES_AGGRESSIVE;
				GCC_WARN_UNUSED_FUNCTION = YES;
				GCC_WARN_UNUSED_VARIABLE = YES;
				LOCALIZATION_PREFERS_STRING_CATALOGS = YES;
				MTL_ENABLE_DEBUG_INFO = INCLUDE_SOURCE;
				MTL_FAST_MATH = YES;
				ONLY_ACTIVE_ARCH = YES;
				SWIFT_ACTIVE_COMPILATION_CONDITIONS = "DEBUG $(inherited)";
				SWIFT_OPTIMIZATION_LEVEL = "-Onone";
			};
			name = Debug;
		};
		AC1C1B9B2C2374570094D57C /* Release */ = {
			isa = XCBuildConfiguration;
			buildSettings = {
				ALWAYS_SEARCH_USER_PATHS = NO;
				ASSETCATALOG_COMPILER_GENERATE_SWIFT_ASSET_SYMBOL_EXTENSIONS = YES;
				CLANG_ANALYZER_NONNULL = YES;
				CLANG_ANALYZER_NUMBER_OBJECT_CONVERSION = YES_AGGRESSIVE;
				CLANG_CXX_LANGUAGE_STANDARD = "gnu++20";
				CLANG_ENABLE_MODULES = YES;
				CLANG_ENABLE_OBJC_ARC = YES;
				CLANG_ENABLE_OBJC_WEAK = YES;
				CLANG_WARN_BLOCK_CAPTURE_AUTORELEASING = YES;
				CLANG_WARN_BOOL_CONVERSION = YES;
				CLANG_WARN_COMMA = YES;
				CLANG_WARN_CONSTANT_CONVERSION = YES;
				CLANG_WARN_DEPRECATED_OBJC_IMPLEMENTATIONS = YES;
				CLANG_WARN_DIRECT_OBJC_ISA_USAGE = YES_ERROR;
				CLANG_WARN_DOCUMENTATION_COMMENTS = YES;
				CLANG_WARN_EMPTY_BODY = YES;
				CLANG_WARN_ENUM_CONVERSION = YES;
				CLANG_WARN_INFINITE_RECURSION = YES;
				CLANG_WARN_INT_CONVERSION = YES;
				CLANG_WARN_NON_LITERAL_NULL_CONVERSION = YES;
				CLANG_WARN_OBJC_IMPLICIT_RETAIN_SELF = YES;
				CLANG_WARN_OBJC_LITERAL_CONVERSION = YES;
				CLANG_WARN_OBJC_ROOT_CLASS = YES_ERROR;
				CLANG_WARN_QUOTED_INCLUDE_IN_FRAMEWORK_HEADER = YES;
				CLANG_WARN_RANGE_LOOP_ANALYSIS = YES;
				CLANG_WARN_STRICT_PROTOTYPES = YES;
				CLANG_WARN_SUSPICIOUS_MOVE = YES;
				CLANG_WARN_UNGUARDED_AVAILABILITY = YES_AGGRESSIVE;
				CLANG_WARN_UNREACHABLE_CODE = YES;
				CLANG_WARN__DUPLICATE_METHOD_MATCH = YES;
				COPY_PHASE_STRIP = NO;
				DEAD_CODE_STRIPPING = YES;
				DEBUG_INFORMATION_FORMAT = "dwarf-with-dsym";
				ENABLE_NS_ASSERTIONS = NO;
				ENABLE_STRICT_OBJC_MSGSEND = YES;
				ENABLE_USER_SCRIPT_SANDBOXING = YES;
				GCC_C_LANGUAGE_STANDARD = gnu17;
				GCC_NO_COMMON_BLOCKS = YES;
				GCC_WARN_64_TO_32_BIT_CONVERSION = YES;
				GCC_WARN_ABOUT_RETURN_TYPE = YES_ERROR;
				GCC_WARN_UNDECLARED_SELECTOR = YES;
				GCC_WARN_UNINITIALIZED_AUTOS = YES_AGGRESSIVE;
				GCC_WARN_UNUSED_FUNCTION = YES;
				GCC_WARN_UNUSED_VARIABLE = YES;
				LOCALIZATION_PREFERS_STRING_CATALOGS = YES;
				MTL_ENABLE_DEBUG_INFO = NO;
				MTL_FAST_MATH = YES;
				SWIFT_COMPILATION_MODE = wholemodule;
			};
			name = Release;
		};
		AC1C1B9D2C2374570094D57C /* Debug */ = {
			isa = XCBuildConfiguration;
			buildSettings = {
				ASSETCATALOG_COMPILER_APPICON_NAME = AppIcon;
				ASSETCATALOG_COMPILER_GLOBAL_ACCENT_COLOR_NAME = AccentColor;
				CODE_SIGN_ENTITLEMENTS = ToDo/ToDo.entitlements;
				CODE_SIGN_STYLE = Automatic;
				CURRENT_PROJECT_VERSION = 1;
				DEAD_CODE_STRIPPING = YES;
				DEVELOPMENT_ASSET_PATHS = "\"ToDo/Preview Content\"";
				DEVELOPMENT_TEAM = 2Z58X67VS2;
				ENABLE_HARDENED_RUNTIME = YES;
				ENABLE_PREVIEWS = YES;
				ENABLE_USER_SCRIPT_SANDBOXING = NO;
				GENERATE_INFOPLIST_FILE = YES;
				"INFOPLIST_KEY_UIApplicationSceneManifest_Generation[sdk=iphoneos*]" = YES;
				"INFOPLIST_KEY_UIApplicationSceneManifest_Generation[sdk=iphonesimulator*]" = YES;
				"INFOPLIST_KEY_UIApplicationSupportsIndirectInputEvents[sdk=iphoneos*]" = YES;
				"INFOPLIST_KEY_UIApplicationSupportsIndirectInputEvents[sdk=iphonesimulator*]" = YES;
				"INFOPLIST_KEY_UILaunchScreen_Generation[sdk=iphoneos*]" = YES;
				"INFOPLIST_KEY_UILaunchScreen_Generation[sdk=iphonesimulator*]" = YES;
				"INFOPLIST_KEY_UIStatusBarStyle[sdk=iphoneos*]" = UIStatusBarStyleDefault;
				"INFOPLIST_KEY_UIStatusBarStyle[sdk=iphonesimulator*]" = UIStatusBarStyleDefault;
				INFOPLIST_KEY_UISupportedInterfaceOrientations_iPad = "UIInterfaceOrientationPortrait UIInterfaceOrientationPortraitUpsideDown UIInterfaceOrientationLandscapeLeft UIInterfaceOrientationLandscapeRight";
				INFOPLIST_KEY_UISupportedInterfaceOrientations_iPhone = "UIInterfaceOrientationPortrait UIInterfaceOrientationLandscapeLeft UIInterfaceOrientationLandscapeRight";
				IPHONEOS_DEPLOYMENT_TARGET = 17.5;
				LD_RUNPATH_SEARCH_PATHS = "@executable_path/Frameworks";
				"LD_RUNPATH_SEARCH_PATHS[sdk=macosx*]" = "@executable_path/../Frameworks";
				MACOSX_DEPLOYMENT_TARGET = 14.5;
				MARKETING_VERSION = 1.0;
				PRODUCT_BUNDLE_IDENTIFIER = trofimpetyanov.ToDo;
				PRODUCT_NAME = "$(TARGET_NAME)";
				SDKROOT = auto;
				SUPPORTED_PLATFORMS = "iphoneos iphonesimulator macosx";
				SWIFT_EMIT_LOC_STRINGS = YES;
				SWIFT_STRICT_CONCURRENCY = complete;
				SWIFT_VERSION = 5.0;
				TARGETED_DEVICE_FAMILY = "1,2";
			};
			name = Debug;
		};
		AC1C1B9E2C2374570094D57C /* Release */ = {
			isa = XCBuildConfiguration;
			buildSettings = {
				ASSETCATALOG_COMPILER_APPICON_NAME = AppIcon;
				ASSETCATALOG_COMPILER_GLOBAL_ACCENT_COLOR_NAME = AccentColor;
				CODE_SIGN_ENTITLEMENTS = ToDo/ToDo.entitlements;
				CODE_SIGN_STYLE = Automatic;
				CURRENT_PROJECT_VERSION = 1;
				DEAD_CODE_STRIPPING = YES;
				DEVELOPMENT_ASSET_PATHS = "\"ToDo/Preview Content\"";
				DEVELOPMENT_TEAM = 2Z58X67VS2;
				ENABLE_HARDENED_RUNTIME = YES;
				ENABLE_PREVIEWS = YES;
				ENABLE_USER_SCRIPT_SANDBOXING = NO;
				GENERATE_INFOPLIST_FILE = YES;
				"INFOPLIST_KEY_UIApplicationSceneManifest_Generation[sdk=iphoneos*]" = YES;
				"INFOPLIST_KEY_UIApplicationSceneManifest_Generation[sdk=iphonesimulator*]" = YES;
				"INFOPLIST_KEY_UIApplicationSupportsIndirectInputEvents[sdk=iphoneos*]" = YES;
				"INFOPLIST_KEY_UIApplicationSupportsIndirectInputEvents[sdk=iphonesimulator*]" = YES;
				"INFOPLIST_KEY_UILaunchScreen_Generation[sdk=iphoneos*]" = YES;
				"INFOPLIST_KEY_UILaunchScreen_Generation[sdk=iphonesimulator*]" = YES;
				"INFOPLIST_KEY_UIStatusBarStyle[sdk=iphoneos*]" = UIStatusBarStyleDefault;
				"INFOPLIST_KEY_UIStatusBarStyle[sdk=iphonesimulator*]" = UIStatusBarStyleDefault;
				INFOPLIST_KEY_UISupportedInterfaceOrientations_iPad = "UIInterfaceOrientationPortrait UIInterfaceOrientationPortraitUpsideDown UIInterfaceOrientationLandscapeLeft UIInterfaceOrientationLandscapeRight";
				INFOPLIST_KEY_UISupportedInterfaceOrientations_iPhone = "UIInterfaceOrientationPortrait UIInterfaceOrientationLandscapeLeft UIInterfaceOrientationLandscapeRight";
				IPHONEOS_DEPLOYMENT_TARGET = 17.5;
				LD_RUNPATH_SEARCH_PATHS = "@executable_path/Frameworks";
				"LD_RUNPATH_SEARCH_PATHS[sdk=macosx*]" = "@executable_path/../Frameworks";
				MACOSX_DEPLOYMENT_TARGET = 14.5;
				MARKETING_VERSION = 1.0;
				PRODUCT_BUNDLE_IDENTIFIER = trofimpetyanov.ToDo;
				PRODUCT_NAME = "$(TARGET_NAME)";
				SDKROOT = auto;
				SUPPORTED_PLATFORMS = "iphoneos iphonesimulator macosx";
				SWIFT_EMIT_LOC_STRINGS = YES;
				SWIFT_STRICT_CONCURRENCY = complete;
				SWIFT_VERSION = 5.0;
				TARGETED_DEVICE_FAMILY = "1,2";
			};
			name = Release;
		};
		ACF2A2922C25C55F00C7D20E /* Debug */ = {
			isa = XCBuildConfiguration;
			buildSettings = {
				BUNDLE_LOADER = "$(TEST_HOST)";
				CLANG_ENABLE_MODULES = YES;
				CODE_SIGN_STYLE = Automatic;
				CURRENT_PROJECT_VERSION = 1;
				DEVELOPMENT_TEAM = 2Z58X67VS2;
				GENERATE_INFOPLIST_FILE = YES;
				IPHONEOS_DEPLOYMENT_TARGET = 17.5;
				MARKETING_VERSION = 1.0;
				PRODUCT_BUNDLE_IDENTIFIER = trofimpetyanov.ToDoTests;
				PRODUCT_NAME = "$(TARGET_NAME)";
				SDKROOT = iphoneos;
				SWIFT_EMIT_LOC_STRINGS = NO;
				SWIFT_OPTIMIZATION_LEVEL = "-Onone";
				SWIFT_VERSION = 5.0;
				TARGETED_DEVICE_FAMILY = "1,2";
				TEST_HOST = "$(BUILT_PRODUCTS_DIR)/ToDo.app/$(BUNDLE_EXECUTABLE_FOLDER_PATH)/ToDo";
			};
			name = Debug;
		};
		ACF2A2932C25C55F00C7D20E /* Release */ = {
			isa = XCBuildConfiguration;
			buildSettings = {
				BUNDLE_LOADER = "$(TEST_HOST)";
				CLANG_ENABLE_MODULES = YES;
				CODE_SIGN_STYLE = Automatic;
				CURRENT_PROJECT_VERSION = 1;
				DEVELOPMENT_TEAM = 2Z58X67VS2;
				GENERATE_INFOPLIST_FILE = YES;
				IPHONEOS_DEPLOYMENT_TARGET = 17.5;
				MARKETING_VERSION = 1.0;
				PRODUCT_BUNDLE_IDENTIFIER = trofimpetyanov.ToDoTests;
				PRODUCT_NAME = "$(TARGET_NAME)";
				SDKROOT = iphoneos;
				SWIFT_EMIT_LOC_STRINGS = NO;
				SWIFT_VERSION = 5.0;
				TARGETED_DEVICE_FAMILY = "1,2";
				TEST_HOST = "$(BUILT_PRODUCTS_DIR)/ToDo.app/$(BUNDLE_EXECUTABLE_FOLDER_PATH)/ToDo";
				VALIDATE_PRODUCT = YES;
			};
			name = Release;
		};
/* End XCBuildConfiguration section */

/* Begin XCConfigurationList section */
		AC1C1B882C2374560094D57C /* Build configuration list for PBXProject "ToDo" */ = {
			isa = XCConfigurationList;
			buildConfigurations = (
				AC1C1B9A2C2374570094D57C /* Debug */,
				AC1C1B9B2C2374570094D57C /* Release */,
			);
			defaultConfigurationIsVisible = 0;
			defaultConfigurationName = Release;
		};
		AC1C1B9C2C2374570094D57C /* Build configuration list for PBXNativeTarget "ToDo" */ = {
			isa = XCConfigurationList;
			buildConfigurations = (
				AC1C1B9D2C2374570094D57C /* Debug */,
				AC1C1B9E2C2374570094D57C /* Release */,
			);
			defaultConfigurationIsVisible = 0;
			defaultConfigurationName = Release;
		};
		ACF2A2912C25C55F00C7D20E /* Build configuration list for PBXNativeTarget "ToDoTests" */ = {
			isa = XCConfigurationList;
			buildConfigurations = (
				ACF2A2922C25C55F00C7D20E /* Debug */,
				ACF2A2932C25C55F00C7D20E /* Release */,
			);
			defaultConfigurationIsVisible = 0;
			defaultConfigurationName = Release;
		};
/* End XCConfigurationList section */

/* Begin XCLocalSwiftPackageReference section */
		AC2087552C41C4FA009B0ECF /* XCLocalSwiftPackageReference "LoggerPackage" */ = {
			isa = XCLocalSwiftPackageReference;
			relativePath = LoggerPackage;
		};
/* End XCLocalSwiftPackageReference section */

/* Begin XCRemoteSwiftPackageReference section */
		AC2087442C41822D009B0ECF /* XCRemoteSwiftPackageReference "CocoaLumberjack" */ = {
			isa = XCRemoteSwiftPackageReference;
			repositoryURL = "https://github.com/CocoaLumberjack/CocoaLumberjack";
			requirement = {
				kind = upToNextMajorVersion;
				minimumVersion = 3.8.5;
			};
		};
		AC4C65F62C54774700886A3D /* XCRemoteSwiftPackageReference "SQLite.swift" */ = {
			isa = XCRemoteSwiftPackageReference;
			repositoryURL = "https://github.com/stephencelis/SQLite.swift.git";
			requirement = {
				kind = upToNextMajorVersion;
				minimumVersion = 0.15.3;
			};
		};
		AC8CACE12C495B30001DC8E7 /* XCRemoteSwiftPackageReference "SwiftLintPlugins" */ = {
			isa = XCRemoteSwiftPackageReference;
			repositoryURL = "https://github.com/SimplyDanny/SwiftLintPlugins";
			requirement = {
				kind = upToNextMajorVersion;
				minimumVersion = 0.55.1;
			};
		};
/* End XCRemoteSwiftPackageReference section */

/* Begin XCSwiftPackageProductDependency section */
		AC2087452C41822D009B0ECF /* CocoaLumberjack */ = {
			isa = XCSwiftPackageProductDependency;
			package = AC2087442C41822D009B0ECF /* XCRemoteSwiftPackageReference "CocoaLumberjack" */;
			productName = CocoaLumberjack;
		};
		AC2087472C41822D009B0ECF /* CocoaLumberjackSwift */ = {
			isa = XCSwiftPackageProductDependency;
			package = AC2087442C41822D009B0ECF /* XCRemoteSwiftPackageReference "CocoaLumberjack" */;
			productName = CocoaLumberjackSwift;
		};
		AC2087492C41822D009B0ECF /* CocoaLumberjackSwiftLogBackend */ = {
			isa = XCSwiftPackageProductDependency;
			package = AC2087442C41822D009B0ECF /* XCRemoteSwiftPackageReference "CocoaLumberjack" */;
			productName = CocoaLumberjackSwiftLogBackend;
		};
		AC4C65F72C54774700886A3D /* SQLite */ = {
			isa = XCSwiftPackageProductDependency;
			package = AC4C65F62C54774700886A3D /* XCRemoteSwiftPackageReference "SQLite.swift" */;
			productName = SQLite;
		};
		AC6A96962C41C8D8008659C5 /* LoggerPackage */ = {
			isa = XCSwiftPackageProductDependency;
			productName = LoggerPackage;
		};
/* End XCSwiftPackageProductDependency section */
	};
	rootObject = AC1C1B852C2374560094D57C /* Project object */;
}
