// !$*UTF8*$!
{
	archiveVersion = 1;
	classes = {
	};
	objectVersion = 56;
	objects = {

/* Begin PBXBuildFile section */
		AC1C1B912C2374560094D57C /* ToDoApp.swift in Sources */ = {isa = PBXBuildFile; fileRef = AC1C1B902C2374560094D57C /* ToDoApp.swift */; };
		AC1C1B932C2374560094D57C /* ToDoItemsList.swift in Sources */ = {isa = PBXBuildFile; fileRef = AC1C1B922C2374560094D57C /* ToDoItemsList.swift */; };
		AC1C1B952C2374570094D57C /* Assets.xcassets in Resources */ = {isa = PBXBuildFile; fileRef = AC1C1B942C2374570094D57C /* Assets.xcassets */; };
		AC1C1B992C2374570094D57C /* Preview Assets.xcassets in Resources */ = {isa = PBXBuildFile; fileRef = AC1C1B982C2374570094D57C /* Preview Assets.xcassets */; };
		AC1C1BA32C2374920094D57C /* ToDoItem.swift in Sources */ = {isa = PBXBuildFile; fileRef = AC1C1BA22C2374920094D57C /* ToDoItem.swift */; };
		AC1C1BA52C2374E60094D57C /* Importance.swift in Sources */ = {isa = PBXBuildFile; fileRef = AC1C1BA42C2374E60094D57C /* Importance.swift */; };
		AC1C1BA72C2375B00094D57C /* ToDoItem+Parsing.swift in Sources */ = {isa = PBXBuildFile; fileRef = AC1C1BA62C2375B00094D57C /* ToDoItem+Parsing.swift */; };
		ACA0D20E2C24ACE4003659A2 /* FileCache.swift in Sources */ = {isa = PBXBuildFile; fileRef = ACA0D20D2C24ACE4003659A2 /* FileCache.swift */; };
		ACDA31C22C2C885B00C5FDCE /* ToDoItem+Properties.swift in Sources */ = {isa = PBXBuildFile; fileRef = ACDA31C12C2C885B00C5FDCE /* ToDoItem+Properties.swift */; };
		ACDA31C42C2D7A8100C5FDCE /* ListHeader.swift in Sources */ = {isa = PBXBuildFile; fileRef = ACDA31C32C2D7A8100C5FDCE /* ListHeader.swift */; };
		ACDA31C62C2D7AA600C5FDCE /* ListRow.swift in Sources */ = {isa = PBXBuildFile; fileRef = ACDA31C52C2D7AA600C5FDCE /* ListRow.swift */; };
		ACDA31C82C2DF7E900C5FDCE /* CheckmarkView.swift in Sources */ = {isa = PBXBuildFile; fileRef = ACDA31C72C2DF7E900C5FDCE /* CheckmarkView.swift */; };
		ACDA31CA2C2EE38E00C5FDCE /* ToDoItemDetail.swift in Sources */ = {isa = PBXBuildFile; fileRef = ACDA31C92C2EE38E00C5FDCE /* ToDoItemDetail.swift */; };
		ACDA31CC2C2EF27900C5FDCE /* Color+.swift in Sources */ = {isa = PBXBuildFile; fileRef = ACDA31CB2C2EF27900C5FDCE /* Color+.swift */; };
		ACDA31CE2C2EFC5100C5FDCE /* AppColors.swift in Sources */ = {isa = PBXBuildFile; fileRef = ACDA31CD2C2EFC5100C5FDCE /* AppColors.swift */; };
		ACDA31D02C2F49DB00C5FDCE /* ToDoItemsStore.swift in Sources */ = {isa = PBXBuildFile; fileRef = ACDA31CF2C2F49DB00C5FDCE /* ToDoItemsStore.swift */; };
		ACDA31D22C2F9CC200C5FDCE /* ColorWheel.swift in Sources */ = {isa = PBXBuildFile; fileRef = ACDA31D12C2F9CC200C5FDCE /* ColorWheel.swift */; };
		ACDA31D72C2FADE200C5FDCE /* ColorWheelPicker.swift in Sources */ = {isa = PBXBuildFile; fileRef = ACDA31D62C2FADE200C5FDCE /* ColorWheelPicker.swift */; };
		ACDA31D92C2FC10F00C5FDCE /* Color+HEX.swift in Sources */ = {isa = PBXBuildFile; fileRef = ACDA31D82C2FC10F00C5FDCE /* Color+HEX.swift */; };
		ACF2A2952C25C58200C7D20E /* ToDoItemTests.swift in Sources */ = {isa = PBXBuildFile; fileRef = ACF2A2942C25C58200C7D20E /* ToDoItemTests.swift */; };
		ACF2A2992C25F4BC00C7D20E /* Date+.swift in Sources */ = {isa = PBXBuildFile; fileRef = ACF2A2982C25F4BC00C7D20E /* Date+.swift */; };
/* End PBXBuildFile section */

/* Begin PBXContainerItemProxy section */
		ACF2A28F2C25C55F00C7D20E /* PBXContainerItemProxy */ = {
			isa = PBXContainerItemProxy;
			containerPortal = AC1C1B852C2374560094D57C /* Project object */;
			proxyType = 1;
			remoteGlobalIDString = AC1C1B8C2C2374560094D57C;
			remoteInfo = ToDo;
		};
/* End PBXContainerItemProxy section */

/* Begin PBXFileReference section */
		AC1C1B8D2C2374560094D57C /* ToDo.app */ = {isa = PBXFileReference; explicitFileType = wrapper.application; includeInIndex = 0; path = ToDo.app; sourceTree = BUILT_PRODUCTS_DIR; };
		AC1C1B902C2374560094D57C /* ToDoApp.swift */ = {isa = PBXFileReference; lastKnownFileType = sourcecode.swift; path = ToDoApp.swift; sourceTree = "<group>"; };
		AC1C1B922C2374560094D57C /* ToDoItemsList.swift */ = {isa = PBXFileReference; lastKnownFileType = sourcecode.swift; path = ToDoItemsList.swift; sourceTree = "<group>"; };
		AC1C1B942C2374570094D57C /* Assets.xcassets */ = {isa = PBXFileReference; lastKnownFileType = folder.assetcatalog; path = Assets.xcassets; sourceTree = "<group>"; };
		AC1C1B962C2374570094D57C /* ToDo.entitlements */ = {isa = PBXFileReference; lastKnownFileType = text.plist.entitlements; path = ToDo.entitlements; sourceTree = "<group>"; };
		AC1C1B982C2374570094D57C /* Preview Assets.xcassets */ = {isa = PBXFileReference; lastKnownFileType = folder.assetcatalog; path = "Preview Assets.xcassets"; sourceTree = "<group>"; };
		AC1C1BA22C2374920094D57C /* ToDoItem.swift */ = {isa = PBXFileReference; lastKnownFileType = sourcecode.swift; path = ToDoItem.swift; sourceTree = "<group>"; };
		AC1C1BA42C2374E60094D57C /* Importance.swift */ = {isa = PBXFileReference; lastKnownFileType = sourcecode.swift; path = Importance.swift; sourceTree = "<group>"; };
		AC1C1BA62C2375B00094D57C /* ToDoItem+Parsing.swift */ = {isa = PBXFileReference; lastKnownFileType = sourcecode.swift; path = "ToDoItem+Parsing.swift"; sourceTree = "<group>"; };
		ACA0D20D2C24ACE4003659A2 /* FileCache.swift */ = {isa = PBXFileReference; lastKnownFileType = sourcecode.swift; path = FileCache.swift; sourceTree = "<group>"; };
		ACDA31C12C2C885B00C5FDCE /* ToDoItem+Properties.swift */ = {isa = PBXFileReference; lastKnownFileType = sourcecode.swift; path = "ToDoItem+Properties.swift"; sourceTree = "<group>"; };
		ACDA31C32C2D7A8100C5FDCE /* ListHeader.swift */ = {isa = PBXFileReference; lastKnownFileType = sourcecode.swift; path = ListHeader.swift; sourceTree = "<group>"; };
		ACDA31C52C2D7AA600C5FDCE /* ListRow.swift */ = {isa = PBXFileReference; lastKnownFileType = sourcecode.swift; path = ListRow.swift; sourceTree = "<group>"; };
		ACDA31C72C2DF7E900C5FDCE /* CheckmarkView.swift */ = {isa = PBXFileReference; lastKnownFileType = sourcecode.swift; path = CheckmarkView.swift; sourceTree = "<group>"; };
		ACDA31C92C2EE38E00C5FDCE /* ToDoItemDetail.swift */ = {isa = PBXFileReference; lastKnownFileType = sourcecode.swift; path = ToDoItemDetail.swift; sourceTree = "<group>"; };
		ACDA31CB2C2EF27900C5FDCE /* Color+.swift */ = {isa = PBXFileReference; lastKnownFileType = sourcecode.swift; path = "Color+.swift"; sourceTree = "<group>"; };
		ACDA31CD2C2EFC5100C5FDCE /* AppColors.swift */ = {isa = PBXFileReference; lastKnownFileType = sourcecode.swift; path = AppColors.swift; sourceTree = "<group>"; };
		ACDA31CF2C2F49DB00C5FDCE /* ToDoItemsStore.swift */ = {isa = PBXFileReference; lastKnownFileType = sourcecode.swift; path = ToDoItemsStore.swift; sourceTree = "<group>"; };
		ACDA31D12C2F9CC200C5FDCE /* ColorWheel.swift */ = {isa = PBXFileReference; lastKnownFileType = sourcecode.swift; path = ColorWheel.swift; sourceTree = "<group>"; };
		ACDA31D62C2FADE200C5FDCE /* ColorWheelPicker.swift */ = {isa = PBXFileReference; lastKnownFileType = sourcecode.swift; path = ColorWheelPicker.swift; sourceTree = "<group>"; };
		ACDA31D82C2FC10F00C5FDCE /* Color+HEX.swift */ = {isa = PBXFileReference; lastKnownFileType = sourcecode.swift; path = "Color+HEX.swift"; sourceTree = "<group>"; };
		ACF2A28B2C25C55F00C7D20E /* ToDoTests.xctest */ = {isa = PBXFileReference; explicitFileType = wrapper.cfbundle; includeInIndex = 0; path = ToDoTests.xctest; sourceTree = BUILT_PRODUCTS_DIR; };
		ACF2A2942C25C58200C7D20E /* ToDoItemTests.swift */ = {isa = PBXFileReference; lastKnownFileType = sourcecode.swift; path = ToDoItemTests.swift; sourceTree = "<group>"; };
		ACF2A2982C25F4BC00C7D20E /* Date+.swift */ = {isa = PBXFileReference; lastKnownFileType = sourcecode.swift; path = "Date+.swift"; sourceTree = "<group>"; };
/* End PBXFileReference section */

/* Begin PBXFrameworksBuildPhase section */
		AC1C1B8A2C2374560094D57C /* Frameworks */ = {
			isa = PBXFrameworksBuildPhase;
			buildActionMask = 2147483647;
			files = (
			);
			runOnlyForDeploymentPostprocessing = 0;
		};
		ACF2A2882C25C55F00C7D20E /* Frameworks */ = {
			isa = PBXFrameworksBuildPhase;
			buildActionMask = 2147483647;
			files = (
			);
			runOnlyForDeploymentPostprocessing = 0;
		};
/* End PBXFrameworksBuildPhase section */

/* Begin PBXGroup section */
		AC1C1B842C2374560094D57C = {
			isa = PBXGroup;
			children = (
				AC1C1B8F2C2374560094D57C /* ToDo */,
				ACF2A28C2C25C55F00C7D20E /* ToDoTests */,
				AC1C1B8E2C2374560094D57C /* Products */,
			);
			sourceTree = "<group>";
		};
		AC1C1B8E2C2374560094D57C /* Products */ = {
			isa = PBXGroup;
			children = (
				AC1C1B8D2C2374560094D57C /* ToDo.app */,
				ACF2A28B2C25C55F00C7D20E /* ToDoTests.xctest */,
			);
			name = Products;
			sourceTree = "<group>";
		};
		AC1C1B8F2C2374560094D57C /* ToDo */ = {
			isa = PBXGroup;
			children = (
				AC1C1B962C2374570094D57C /* ToDo.entitlements */,
				AC1C1B902C2374560094D57C /* ToDoApp.swift */,
				AC1C1BA02C2374780094D57C /* Views */,
				AC1C1B9F2C23746E0094D57C /* Models */,
				ACF2A2862C25C17F00C7D20E /* Service */,
				ACF2A29A2C25FC7900C7D20E /* Extensions */,
				AC1C1BA12C2374800094D57C /* Resources */,
				AC1C1B972C2374570094D57C /* Preview Content */,
			);
			path = ToDo;
			sourceTree = "<group>";
		};
		AC1C1B972C2374570094D57C /* Preview Content */ = {
			isa = PBXGroup;
			children = (
				AC1C1B982C2374570094D57C /* Preview Assets.xcassets */,
			);
			path = "Preview Content";
			sourceTree = "<group>";
		};
		AC1C1B9F2C23746E0094D57C /* Models */ = {
			isa = PBXGroup;
			children = (
				AC1C1BA42C2374E60094D57C /* Importance.swift */,
				AC1C1BA82C2375B30094D57C /* ToDoItem */,
			);
			path = Models;
			sourceTree = "<group>";
		};
		AC1C1BA02C2374780094D57C /* Views */ = {
			isa = PBXGroup;
			children = (
				ACDA31DA2C2FC64A00C5FDCE /* ToDoItems */,
				ACDA31DC2C2FC65E00C5FDCE /* ColorWheelPicker */,
			);
			path = Views;
			sourceTree = "<group>";
		};
		AC1C1BA12C2374800094D57C /* Resources */ = {
			isa = PBXGroup;
			children = (
				AC1C1B942C2374570094D57C /* Assets.xcassets */,
			);
			path = Resources;
			sourceTree = "<group>";
		};
		AC1C1BA82C2375B30094D57C /* ToDoItem */ = {
			isa = PBXGroup;
			children = (
				AC1C1BA22C2374920094D57C /* ToDoItem.swift */,
				AC1C1BA62C2375B00094D57C /* ToDoItem+Parsing.swift */,
				ACDA31C12C2C885B00C5FDCE /* ToDoItem+Properties.swift */,
			);
			path = ToDoItem;
			sourceTree = "<group>";
		};
		ACDA31DA2C2FC64A00C5FDCE /* ToDoItems */ = {
			isa = PBXGroup;
			children = (
				ACDA31DB2C2FC65400C5FDCE /* Helpers */,
				AC1C1B922C2374560094D57C /* ToDoItemsList.swift */,
				ACDA31C92C2EE38E00C5FDCE /* ToDoItemDetail.swift */,
			);
			path = ToDoItems;
			sourceTree = "<group>";
		};
		ACDA31DB2C2FC65400C5FDCE /* Helpers */ = {
			isa = PBXGroup;
			children = (
				ACDA31C32C2D7A8100C5FDCE /* ListHeader.swift */,
				ACDA31C52C2D7AA600C5FDCE /* ListRow.swift */,
				ACDA31C72C2DF7E900C5FDCE /* CheckmarkView.swift */,
			);
			path = Helpers;
			sourceTree = "<group>";
		};
		ACDA31DC2C2FC65E00C5FDCE /* ColorWheelPicker */ = {
			isa = PBXGroup;
			children = (
				ACDA31D12C2F9CC200C5FDCE /* ColorWheel.swift */,
				ACDA31D62C2FADE200C5FDCE /* ColorWheelPicker.swift */,
			);
			path = ColorWheelPicker;
			sourceTree = "<group>";
		};
		ACF2A2862C25C17F00C7D20E /* Service */ = {
			isa = PBXGroup;
			children = (
				ACDA31CD2C2EFC5100C5FDCE /* AppColors.swift */,
				ACA0D20D2C24ACE4003659A2 /* FileCache.swift */,
				ACDA31CF2C2F49DB00C5FDCE /* ToDoItemsStore.swift */,
			);
			path = Service;
			sourceTree = "<group>";
		};
		ACF2A28C2C25C55F00C7D20E /* ToDoTests */ = {
			isa = PBXGroup;
			children = (
				ACF2A2942C25C58200C7D20E /* ToDoItemTests.swift */,
			);
			path = ToDoTests;
			sourceTree = "<group>";
		};
		ACF2A29A2C25FC7900C7D20E /* Extensions */ = {
			isa = PBXGroup;
			children = (
				ACF2A2982C25F4BC00C7D20E /* Date+.swift */,
				ACDA31CB2C2EF27900C5FDCE /* Color+.swift */,
				ACDA31D82C2FC10F00C5FDCE /* Color+HEX.swift */,
			);
			path = Extensions;
			sourceTree = "<group>";
		};
/* End PBXGroup section */

/* Begin PBXNativeTarget section */
		AC1C1B8C2C2374560094D57C /* ToDo */ = {
			isa = PBXNativeTarget;
			buildConfigurationList = AC1C1B9C2C2374570094D57C /* Build configuration list for PBXNativeTarget "ToDo" */;
			buildPhases = (
				AC1C1B892C2374560094D57C /* Sources */,
				AC1C1B8A2C2374560094D57C /* Frameworks */,
				AC1C1B8B2C2374560094D57C /* Resources */,
			);
			buildRules = (
			);
			dependencies = (
			);
			name = ToDo;
			productName = ToDo;
			productReference = AC1C1B8D2C2374560094D57C /* ToDo.app */;
			productType = "com.apple.product-type.application";
		};
		ACF2A28A2C25C55F00C7D20E /* ToDoTests */ = {
			isa = PBXNativeTarget;
			buildConfigurationList = ACF2A2912C25C55F00C7D20E /* Build configuration list for PBXNativeTarget "ToDoTests" */;
			buildPhases = (
				ACF2A2872C25C55F00C7D20E /* Sources */,
				ACF2A2882C25C55F00C7D20E /* Frameworks */,
				ACF2A2892C25C55F00C7D20E /* Resources */,
			);
			buildRules = (
			);
			dependencies = (
				ACF2A2902C25C55F00C7D20E /* PBXTargetDependency */,
			);
			name = ToDoTests;
			productName = ToDoTests;
			productReference = ACF2A28B2C25C55F00C7D20E /* ToDoTests.xctest */;
			productType = "com.apple.product-type.bundle.unit-test";
		};
/* End PBXNativeTarget section */

/* Begin PBXProject section */
		AC1C1B852C2374560094D57C /* Project object */ = {
			isa = PBXProject;
			attributes = {
				BuildIndependentTargetsInParallel = 1;
				LastSwiftUpdateCheck = 1540;
				LastUpgradeCheck = 1540;
				TargetAttributes = {
					AC1C1B8C2C2374560094D57C = {
						CreatedOnToolsVersion = 15.4;
					};
					ACF2A28A2C25C55F00C7D20E = {
						CreatedOnToolsVersion = 15.4;
						LastSwiftMigration = 1540;
						TestTargetID = AC1C1B8C2C2374560094D57C;
					};
				};
			};
			buildConfigurationList = AC1C1B882C2374560094D57C /* Build configuration list for PBXProject "ToDo" */;
			compatibilityVersion = "Xcode 14.0";
			developmentRegion = en;
			hasScannedForEncodings = 0;
			knownRegions = (
				en,
				Base,
			);
			mainGroup = AC1C1B842C2374560094D57C;
			productRefGroup = AC1C1B8E2C2374560094D57C /* Products */;
			projectDirPath = "";
			projectRoot = "";
			targets = (
				AC1C1B8C2C2374560094D57C /* ToDo */,
				ACF2A28A2C25C55F00C7D20E /* ToDoTests */,
			);
		};
/* End PBXProject section */

/* Begin PBXResourcesBuildPhase section */
		AC1C1B8B2C2374560094D57C /* Resources */ = {
			isa = PBXResourcesBuildPhase;
			buildActionMask = 2147483647;
			files = (
				AC1C1B992C2374570094D57C /* Preview Assets.xcassets in Resources */,
				AC1C1B952C2374570094D57C /* Assets.xcassets in Resources */,
			);
			runOnlyForDeploymentPostprocessing = 0;
		};
		ACF2A2892C25C55F00C7D20E /* Resources */ = {
			isa = PBXResourcesBuildPhase;
			buildActionMask = 2147483647;
			files = (
			);
			runOnlyForDeploymentPostprocessing = 0;
		};
/* End PBXResourcesBuildPhase section */

/* Begin PBXSourcesBuildPhase section */
		AC1C1B892C2374560094D57C /* Sources */ = {
			isa = PBXSourcesBuildPhase;
			buildActionMask = 2147483647;
			files = (
				AC1C1B932C2374560094D57C /* ToDoItemsList.swift in Sources */,
				ACDA31C22C2C885B00C5FDCE /* ToDoItem+Properties.swift in Sources */,
				AC1C1BA52C2374E60094D57C /* Importance.swift in Sources */,
				ACF2A2992C25F4BC00C7D20E /* Date+.swift in Sources */,
				ACDA31D02C2F49DB00C5FDCE /* ToDoItemsStore.swift in Sources */,
				ACDA31D72C2FADE200C5FDCE /* ColorWheelPicker.swift in Sources */,
				ACDA31C62C2D7AA600C5FDCE /* ListRow.swift in Sources */,
				AC1C1B912C2374560094D57C /* ToDoApp.swift in Sources */,
				AC1C1BA32C2374920094D57C /* ToDoItem.swift in Sources */,
				ACDA31CA2C2EE38E00C5FDCE /* ToDoItemDetail.swift in Sources */,
				ACA0D20E2C24ACE4003659A2 /* FileCache.swift in Sources */,
				ACDA31C42C2D7A8100C5FDCE /* ListHeader.swift in Sources */,
				ACDA31CC2C2EF27900C5FDCE /* Color+.swift in Sources */,
				ACDA31CE2C2EFC5100C5FDCE /* AppColors.swift in Sources */,
				AC1C1BA72C2375B00094D57C /* ToDoItem+Parsing.swift in Sources */,
				ACDA31D92C2FC10F00C5FDCE /* Color+HEX.swift in Sources */,
				ACDA31D22C2F9CC200C5FDCE /* ColorWheel.swift in Sources */,
				ACDA31C82C2DF7E900C5FDCE /* CheckmarkView.swift in Sources */,
			);
			runOnlyForDeploymentPostprocessing = 0;
		};
		ACF2A2872C25C55F00C7D20E /* Sources */ = {
			isa = PBXSourcesBuildPhase;
			buildActionMask = 2147483647;
			files = (
				ACF2A2952C25C58200C7D20E /* ToDoItemTests.swift in Sources */,
			);
			runOnlyForDeploymentPostprocessing = 0;
		};
/* End PBXSourcesBuildPhase section */

/* Begin PBXTargetDependency section */
		ACF2A2902C25C55F00C7D20E /* PBXTargetDependency */ = {
			isa = PBXTargetDependency;
			target = AC1C1B8C2C2374560094D57C /* ToDo */;
			targetProxy = ACF2A28F2C25C55F00C7D20E /* PBXContainerItemProxy */;
		};
/* End PBXTargetDependency section */

/* Begin XCBuildConfiguration section */
		AC1C1B9A2C2374570094D57C /* Debug */ = {
			isa = XCBuildConfiguration;
			buildSettings = {
				ALWAYS_SEARCH_USER_PATHS = NO;
				ASSETCATALOG_COMPILER_GENERATE_SWIFT_ASSET_SYMBOL_EXTENSIONS = YES;
				CLANG_ANALYZER_NONNULL = YES;
				CLANG_ANALYZER_NUMBER_OBJECT_CONVERSION = YES_AGGRESSIVE;
				CLANG_CXX_LANGUAGE_STANDARD = "gnu++20";
				CLANG_ENABLE_MODULES = YES;
				CLANG_ENABLE_OBJC_ARC = YES;
				CLANG_ENABLE_OBJC_WEAK = YES;
				CLANG_WARN_BLOCK_CAPTURE_AUTORELEASING = YES;
				CLANG_WARN_BOOL_CONVERSION = YES;
				CLANG_WARN_COMMA = YES;
				CLANG_WARN_CONSTANT_CONVERSION = YES;
				CLANG_WARN_DEPRECATED_OBJC_IMPLEMENTATIONS = YES;
				CLANG_WARN_DIRECT_OBJC_ISA_USAGE = YES_ERROR;
				CLANG_WARN_DOCUMENTATION_COMMENTS = YES;
				CLANG_WARN_EMPTY_BODY = YES;
				CLANG_WARN_ENUM_CONVERSION = YES;
				CLANG_WARN_INFINITE_RECURSION = YES;
				CLANG_WARN_INT_CONVERSION = YES;
				CLANG_WARN_NON_LITERAL_NULL_CONVERSION = YES;
				CLANG_WARN_OBJC_IMPLICIT_RETAIN_SELF = YES;
				CLANG_WARN_OBJC_LITERAL_CONVERSION = YES;
				CLANG_WARN_OBJC_ROOT_CLASS = YES_ERROR;
				CLANG_WARN_QUOTED_INCLUDE_IN_FRAMEWORK_HEADER = YES;
				CLANG_WARN_RANGE_LOOP_ANALYSIS = YES;
				CLANG_WARN_STRICT_PROTOTYPES = YES;
				CLANG_WARN_SUSPICIOUS_MOVE = YES;
				CLANG_WARN_UNGUARDED_AVAILABILITY = YES_AGGRESSIVE;
				CLANG_WARN_UNREACHABLE_CODE = YES;
				CLANG_WARN__DUPLICATE_METHOD_MATCH = YES;
				COPY_PHASE_STRIP = NO;
				DEBUG_INFORMATION_FORMAT = dwarf;
				ENABLE_STRICT_OBJC_MSGSEND = YES;
				ENABLE_TESTABILITY = YES;
				ENABLE_USER_SCRIPT_SANDBOXING = YES;
				GCC_C_LANGUAGE_STANDARD = gnu17;
				GCC_DYNAMIC_NO_PIC = NO;
				GCC_NO_COMMON_BLOCKS = YES;
				GCC_OPTIMIZATION_LEVEL = 0;
				GCC_PREPROCESSOR_DEFINITIONS = (
					"DEBUG=1",
					"$(inherited)",
				);
				GCC_WARN_64_TO_32_BIT_CONVERSION = YES;
				GCC_WARN_ABOUT_RETURN_TYPE = YES_ERROR;
				GCC_WARN_UNDECLARED_SELECTOR = YES;
				GCC_WARN_UNINITIALIZED_AUTOS = YES_AGGRESSIVE;
				GCC_WARN_UNUSED_FUNCTION = YES;
				GCC_WARN_UNUSED_VARIABLE = YES;
				LOCALIZATION_PREFERS_STRING_CATALOGS = YES;
				MTL_ENABLE_DEBUG_INFO = INCLUDE_SOURCE;
				MTL_FAST_MATH = YES;
				ONLY_ACTIVE_ARCH = YES;
				SWIFT_ACTIVE_COMPILATION_CONDITIONS = "DEBUG $(inherited)";
				SWIFT_OPTIMIZATION_LEVEL = "-Onone";
			};
			name = Debug;
		};
		AC1C1B9B2C2374570094D57C /* Release */ = {
			isa = XCBuildConfiguration;
			buildSettings = {
				ALWAYS_SEARCH_USER_PATHS = NO;
				ASSETCATALOG_COMPILER_GENERATE_SWIFT_ASSET_SYMBOL_EXTENSIONS = YES;
				CLANG_ANALYZER_NONNULL = YES;
				CLANG_ANALYZER_NUMBER_OBJECT_CONVERSION = YES_AGGRESSIVE;
				CLANG_CXX_LANGUAGE_STANDARD = "gnu++20";
				CLANG_ENABLE_MODULES = YES;
				CLANG_ENABLE_OBJC_ARC = YES;
				CLANG_ENABLE_OBJC_WEAK = YES;
				CLANG_WARN_BLOCK_CAPTURE_AUTORELEASING = YES;
				CLANG_WARN_BOOL_CONVERSION = YES;
				CLANG_WARN_COMMA = YES;
				CLANG_WARN_CONSTANT_CONVERSION = YES;
				CLANG_WARN_DEPRECATED_OBJC_IMPLEMENTATIONS = YES;
				CLANG_WARN_DIRECT_OBJC_ISA_USAGE = YES_ERROR;
				CLANG_WARN_DOCUMENTATION_COMMENTS = YES;
				CLANG_WARN_EMPTY_BODY = YES;
				CLANG_WARN_ENUM_CONVERSION = YES;
				CLANG_WARN_INFINITE_RECURSION = YES;
				CLANG_WARN_INT_CONVERSION = YES;
				CLANG_WARN_NON_LITERAL_NULL_CONVERSION = YES;
				CLANG_WARN_OBJC_IMPLICIT_RETAIN_SELF = YES;
				CLANG_WARN_OBJC_LITERAL_CONVERSION = YES;
				CLANG_WARN_OBJC_ROOT_CLASS = YES_ERROR;
				CLANG_WARN_QUOTED_INCLUDE_IN_FRAMEWORK_HEADER = YES;
				CLANG_WARN_RANGE_LOOP_ANALYSIS = YES;
				CLANG_WARN_STRICT_PROTOTYPES = YES;
				CLANG_WARN_SUSPICIOUS_MOVE = YES;
				CLANG_WARN_UNGUARDED_AVAILABILITY = YES_AGGRESSIVE;
				CLANG_WARN_UNREACHABLE_CODE = YES;
				CLANG_WARN__DUPLICATE_METHOD_MATCH = YES;
				COPY_PHASE_STRIP = NO;
				DEBUG_INFORMATION_FORMAT = "dwarf-with-dsym";
				ENABLE_NS_ASSERTIONS = NO;
				ENABLE_STRICT_OBJC_MSGSEND = YES;
				ENABLE_USER_SCRIPT_SANDBOXING = YES;
				GCC_C_LANGUAGE_STANDARD = gnu17;
				GCC_NO_COMMON_BLOCKS = YES;
				GCC_WARN_64_TO_32_BIT_CONVERSION = YES;
				GCC_WARN_ABOUT_RETURN_TYPE = YES_ERROR;
				GCC_WARN_UNDECLARED_SELECTOR = YES;
				GCC_WARN_UNINITIALIZED_AUTOS = YES_AGGRESSIVE;
				GCC_WARN_UNUSED_FUNCTION = YES;
				GCC_WARN_UNUSED_VARIABLE = YES;
				LOCALIZATION_PREFERS_STRING_CATALOGS = YES;
				MTL_ENABLE_DEBUG_INFO = NO;
				MTL_FAST_MATH = YES;
				SWIFT_COMPILATION_MODE = wholemodule;
			};
			name = Release;
		};
		AC1C1B9D2C2374570094D57C /* Debug */ = {
			isa = XCBuildConfiguration;
			buildSettings = {
				ASSETCATALOG_COMPILER_APPICON_NAME = AppIcon;
				ASSETCATALOG_COMPILER_GLOBAL_ACCENT_COLOR_NAME = AccentColor;
				CODE_SIGN_ENTITLEMENTS = ToDo/ToDo.entitlements;
				CODE_SIGN_STYLE = Automatic;
				CURRENT_PROJECT_VERSION = 1;
				DEVELOPMENT_ASSET_PATHS = "\"ToDo/Preview Content\"";
				DEVELOPMENT_TEAM = 2Z58X67VS2;
				ENABLE_HARDENED_RUNTIME = YES;
				ENABLE_PREVIEWS = YES;
				GENERATE_INFOPLIST_FILE = YES;
				"INFOPLIST_KEY_UIApplicationSceneManifest_Generation[sdk=iphoneos*]" = YES;
				"INFOPLIST_KEY_UIApplicationSceneManifest_Generation[sdk=iphonesimulator*]" = YES;
				"INFOPLIST_KEY_UIApplicationSupportsIndirectInputEvents[sdk=iphoneos*]" = YES;
				"INFOPLIST_KEY_UIApplicationSupportsIndirectInputEvents[sdk=iphonesimulator*]" = YES;
				"INFOPLIST_KEY_UILaunchScreen_Generation[sdk=iphoneos*]" = YES;
				"INFOPLIST_KEY_UILaunchScreen_Generation[sdk=iphonesimulator*]" = YES;
				"INFOPLIST_KEY_UIStatusBarStyle[sdk=iphoneos*]" = UIStatusBarStyleDefault;
				"INFOPLIST_KEY_UIStatusBarStyle[sdk=iphonesimulator*]" = UIStatusBarStyleDefault;
				INFOPLIST_KEY_UISupportedInterfaceOrientations_iPad = "UIInterfaceOrientationPortrait UIInterfaceOrientationPortraitUpsideDown UIInterfaceOrientationLandscapeLeft UIInterfaceOrientationLandscapeRight";
				INFOPLIST_KEY_UISupportedInterfaceOrientations_iPhone = "UIInterfaceOrientationPortrait UIInterfaceOrientationLandscapeLeft UIInterfaceOrientationLandscapeRight";
				IPHONEOS_DEPLOYMENT_TARGET = 17.5;
				LD_RUNPATH_SEARCH_PATHS = "@executable_path/Frameworks";
				"LD_RUNPATH_SEARCH_PATHS[sdk=macosx*]" = "@executable_path/../Frameworks";
				MACOSX_DEPLOYMENT_TARGET = 14.5;
				MARKETING_VERSION = 1.0;
				PRODUCT_BUNDLE_IDENTIFIER = trofimpetyanov.ToDo;
				PRODUCT_NAME = "$(TARGET_NAME)";
				SDKROOT = auto;
				SUPPORTED_PLATFORMS = "iphoneos iphonesimulator macosx";
				SWIFT_EMIT_LOC_STRINGS = YES;
				SWIFT_VERSION = 5.0;
				TARGETED_DEVICE_FAMILY = "1,2";
			};
			name = Debug;
		};
		AC1C1B9E2C2374570094D57C /* Release */ = {
			isa = XCBuildConfiguration;
			buildSettings = {
				ASSETCATALOG_COMPILER_APPICON_NAME = AppIcon;
				ASSETCATALOG_COMPILER_GLOBAL_ACCENT_COLOR_NAME = AccentColor;
				CODE_SIGN_ENTITLEMENTS = ToDo/ToDo.entitlements;
				CODE_SIGN_STYLE = Automatic;
				CURRENT_PROJECT_VERSION = 1;
				DEVELOPMENT_ASSET_PATHS = "\"ToDo/Preview Content\"";
				DEVELOPMENT_TEAM = 2Z58X67VS2;
				ENABLE_HARDENED_RUNTIME = YES;
				ENABLE_PREVIEWS = YES;
				GENERATE_INFOPLIST_FILE = YES;
				"INFOPLIST_KEY_UIApplicationSceneManifest_Generation[sdk=iphoneos*]" = YES;
				"INFOPLIST_KEY_UIApplicationSceneManifest_Generation[sdk=iphonesimulator*]" = YES;
				"INFOPLIST_KEY_UIApplicationSupportsIndirectInputEvents[sdk=iphoneos*]" = YES;
				"INFOPLIST_KEY_UIApplicationSupportsIndirectInputEvents[sdk=iphonesimulator*]" = YES;
				"INFOPLIST_KEY_UILaunchScreen_Generation[sdk=iphoneos*]" = YES;
				"INFOPLIST_KEY_UILaunchScreen_Generation[sdk=iphonesimulator*]" = YES;
				"INFOPLIST_KEY_UIStatusBarStyle[sdk=iphoneos*]" = UIStatusBarStyleDefault;
				"INFOPLIST_KEY_UIStatusBarStyle[sdk=iphonesimulator*]" = UIStatusBarStyleDefault;
				INFOPLIST_KEY_UISupportedInterfaceOrientations_iPad = "UIInterfaceOrientationPortrait UIInterfaceOrientationPortraitUpsideDown UIInterfaceOrientationLandscapeLeft UIInterfaceOrientationLandscapeRight";
				INFOPLIST_KEY_UISupportedInterfaceOrientations_iPhone = "UIInterfaceOrientationPortrait UIInterfaceOrientationLandscapeLeft UIInterfaceOrientationLandscapeRight";
				IPHONEOS_DEPLOYMENT_TARGET = 17.5;
				LD_RUNPATH_SEARCH_PATHS = "@executable_path/Frameworks";
				"LD_RUNPATH_SEARCH_PATHS[sdk=macosx*]" = "@executable_path/../Frameworks";
				MACOSX_DEPLOYMENT_TARGET = 14.5;
				MARKETING_VERSION = 1.0;
				PRODUCT_BUNDLE_IDENTIFIER = trofimpetyanov.ToDo;
				PRODUCT_NAME = "$(TARGET_NAME)";
				SDKROOT = auto;
				SUPPORTED_PLATFORMS = "iphoneos iphonesimulator macosx";
				SWIFT_EMIT_LOC_STRINGS = YES;
				SWIFT_VERSION = 5.0;
				TARGETED_DEVICE_FAMILY = "1,2";
			};
			name = Release;
		};
		ACF2A2922C25C55F00C7D20E /* Debug */ = {
			isa = XCBuildConfiguration;
			buildSettings = {
				BUNDLE_LOADER = "$(TEST_HOST)";
				CLANG_ENABLE_MODULES = YES;
				CODE_SIGN_STYLE = Automatic;
				CURRENT_PROJECT_VERSION = 1;
				DEVELOPMENT_TEAM = 2Z58X67VS2;
				GENERATE_INFOPLIST_FILE = YES;
				IPHONEOS_DEPLOYMENT_TARGET = 17.5;
				MARKETING_VERSION = 1.0;
				PRODUCT_BUNDLE_IDENTIFIER = trofimpetyanov.ToDoTests;
				PRODUCT_NAME = "$(TARGET_NAME)";
				SDKROOT = iphoneos;
				SWIFT_EMIT_LOC_STRINGS = NO;
				SWIFT_OPTIMIZATION_LEVEL = "-Onone";
				SWIFT_VERSION = 5.0;
				TARGETED_DEVICE_FAMILY = "1,2";
				TEST_HOST = "$(BUILT_PRODUCTS_DIR)/ToDo.app/$(BUNDLE_EXECUTABLE_FOLDER_PATH)/ToDo";
			};
			name = Debug;
		};
		ACF2A2932C25C55F00C7D20E /* Release */ = {
			isa = XCBuildConfiguration;
			buildSettings = {
				BUNDLE_LOADER = "$(TEST_HOST)";
				CLANG_ENABLE_MODULES = YES;
				CODE_SIGN_STYLE = Automatic;
				CURRENT_PROJECT_VERSION = 1;
				DEVELOPMENT_TEAM = 2Z58X67VS2;
				GENERATE_INFOPLIST_FILE = YES;
				IPHONEOS_DEPLOYMENT_TARGET = 17.5;
				MARKETING_VERSION = 1.0;
				PRODUCT_BUNDLE_IDENTIFIER = trofimpetyanov.ToDoTests;
				PRODUCT_NAME = "$(TARGET_NAME)";
				SDKROOT = iphoneos;
				SWIFT_EMIT_LOC_STRINGS = NO;
				SWIFT_VERSION = 5.0;
				TARGETED_DEVICE_FAMILY = "1,2";
				TEST_HOST = "$(BUILT_PRODUCTS_DIR)/ToDo.app/$(BUNDLE_EXECUTABLE_FOLDER_PATH)/ToDo";
				VALIDATE_PRODUCT = YES;
			};
			name = Release;
		};
/* End XCBuildConfiguration section */

/* Begin XCConfigurationList section */
		AC1C1B882C2374560094D57C /* Build configuration list for PBXProject "ToDo" */ = {
			isa = XCConfigurationList;
			buildConfigurations = (
				AC1C1B9A2C2374570094D57C /* Debug */,
				AC1C1B9B2C2374570094D57C /* Release */,
			);
			defaultConfigurationIsVisible = 0;
			defaultConfigurationName = Release;
		};
		AC1C1B9C2C2374570094D57C /* Build configuration list for PBXNativeTarget "ToDo" */ = {
			isa = XCConfigurationList;
			buildConfigurations = (
				AC1C1B9D2C2374570094D57C /* Debug */,
				AC1C1B9E2C2374570094D57C /* Release */,
			);
			defaultConfigurationIsVisible = 0;
			defaultConfigurationName = Release;
		};
		ACF2A2912C25C55F00C7D20E /* Build configuration list for PBXNativeTarget "ToDoTests" */ = {
			isa = XCConfigurationList;
			buildConfigurations = (
				ACF2A2922C25C55F00C7D20E /* Debug */,
				ACF2A2932C25C55F00C7D20E /* Release */,
			);
			defaultConfigurationIsVisible = 0;
			defaultConfigurationName = Release;
		};
/* End XCConfigurationList section */
	};
	rootObject = AC1C1B852C2374560094D57C /* Project object */;
}
